// !$*UTF8*$!
{
	archiveVersion = 1;
	classes = {
	};
	objectVersion = 46;
	objects = {

/* Begin PBXBuildFile section */
		9A40686D1E8AE613000254CD /* Attribute.swift in Sources */ = {isa = PBXBuildFile; fileRef = 9A4068131E8AE613000254CD /* Attribute.swift */; };
		9A40686E1E8AE613000254CD /* AttributeInput.swift in Sources */ = {isa = PBXBuildFile; fileRef = 9A4068141E8AE613000254CD /* AttributeInput.swift */; };
		9A40686F1E8AE613000254CD /* Checkout.swift in Sources */ = {isa = PBXBuildFile; fileRef = 9A4068151E8AE613000254CD /* Checkout.swift */; };
		9A4068701E8AE613000254CD /* CheckoutAddLineItemsInput.swift in Sources */ = {isa = PBXBuildFile; fileRef = 9A4068161E8AE613000254CD /* CheckoutAddLineItemsInput.swift */; };
		9A4068711E8AE613000254CD /* CheckoutAddLineItemsPayload.swift in Sources */ = {isa = PBXBuildFile; fileRef = 9A4068171E8AE613000254CD /* CheckoutAddLineItemsPayload.swift */; };
		9A4068721E8AE613000254CD /* CheckoutAttributesUpdateInput.swift in Sources */ = {isa = PBXBuildFile; fileRef = 9A4068181E8AE613000254CD /* CheckoutAttributesUpdateInput.swift */; };
		9A4068731E8AE613000254CD /* CheckoutAttributesUpdatePayload.swift in Sources */ = {isa = PBXBuildFile; fileRef = 9A4068191E8AE613000254CD /* CheckoutAttributesUpdatePayload.swift */; };
		9A4068741E8AE613000254CD /* CheckoutCompleteWithCreditCardInput.swift in Sources */ = {isa = PBXBuildFile; fileRef = 9A40681A1E8AE613000254CD /* CheckoutCompleteWithCreditCardInput.swift */; };
		9A4068751E8AE613000254CD /* CheckoutCompleteWithCreditCardPayload.swift in Sources */ = {isa = PBXBuildFile; fileRef = 9A40681B1E8AE613000254CD /* CheckoutCompleteWithCreditCardPayload.swift */; };
		9A4068761E8AE613000254CD /* CheckoutCompleteWithTokenizedPaymentInput.swift in Sources */ = {isa = PBXBuildFile; fileRef = 9A40681C1E8AE613000254CD /* CheckoutCompleteWithTokenizedPaymentInput.swift */; };
		9A4068771E8AE613000254CD /* CheckoutCompleteWithTokenizedPaymentPayload.swift in Sources */ = {isa = PBXBuildFile; fileRef = 9A40681D1E8AE613000254CD /* CheckoutCompleteWithTokenizedPaymentPayload.swift */; };
		9A4068781E8AE613000254CD /* CheckoutCreateInput.swift in Sources */ = {isa = PBXBuildFile; fileRef = 9A40681E1E8AE613000254CD /* CheckoutCreateInput.swift */; };
		9A4068791E8AE613000254CD /* CheckoutCreatePayload.swift in Sources */ = {isa = PBXBuildFile; fileRef = 9A40681F1E8AE613000254CD /* CheckoutCreatePayload.swift */; };
		9A40687A1E8AE613000254CD /* CheckoutShippingAddressUpdateInput.swift in Sources */ = {isa = PBXBuildFile; fileRef = 9A4068201E8AE613000254CD /* CheckoutShippingAddressUpdateInput.swift */; };
		9A40687B1E8AE613000254CD /* CheckoutShippingAddressUpdatePayload.swift in Sources */ = {isa = PBXBuildFile; fileRef = 9A4068211E8AE613000254CD /* CheckoutShippingAddressUpdatePayload.swift */; };
		9A40687C1E8AE613000254CD /* CheckoutShippingLineUpdateInput.swift in Sources */ = {isa = PBXBuildFile; fileRef = 9A4068221E8AE613000254CD /* CheckoutShippingLineUpdateInput.swift */; };
		9A40687D1E8AE613000254CD /* CheckoutShippingLineUpdatePayload.swift in Sources */ = {isa = PBXBuildFile; fileRef = 9A4068231E8AE613000254CD /* CheckoutShippingLineUpdatePayload.swift */; };
		9A40687E1E8AE613000254CD /* Collection.swift in Sources */ = {isa = PBXBuildFile; fileRef = 9A4068241E8AE613000254CD /* Collection.swift */; };
		9A40687F1E8AE613000254CD /* CollectionConnection.swift in Sources */ = {isa = PBXBuildFile; fileRef = 9A4068251E8AE613000254CD /* CollectionConnection.swift */; };
		9A4068801E8AE613000254CD /* CollectionEdge.swift in Sources */ = {isa = PBXBuildFile; fileRef = 9A4068261E8AE613000254CD /* CollectionEdge.swift */; };
		9A4068811E8AE613000254CD /* CollectionSortKeys.swift in Sources */ = {isa = PBXBuildFile; fileRef = 9A4068271E8AE613000254CD /* CollectionSortKeys.swift */; };
		9A4068821E8AE613000254CD /* CreditCard.swift in Sources */ = {isa = PBXBuildFile; fileRef = 9A4068281E8AE613000254CD /* CreditCard.swift */; };
		9A4068831E8AE613000254CD /* CropRegion.swift in Sources */ = {isa = PBXBuildFile; fileRef = 9A4068291E8AE613000254CD /* CropRegion.swift */; };
		9A4068841E8AE613000254CD /* CurrencyCode.swift in Sources */ = {isa = PBXBuildFile; fileRef = 9A40682A1E8AE613000254CD /* CurrencyCode.swift */; };
		9A4068851E8AE613000254CD /* Customer.swift in Sources */ = {isa = PBXBuildFile; fileRef = 9A40682B1E8AE613000254CD /* Customer.swift */; };
		9A4068861E8AE613000254CD /* CustomerAccessToken.swift in Sources */ = {isa = PBXBuildFile; fileRef = 9A40682C1E8AE613000254CD /* CustomerAccessToken.swift */; };
		9A4068871E8AE613000254CD /* CustomerAccessTokenCreateInput.swift in Sources */ = {isa = PBXBuildFile; fileRef = 9A40682D1E8AE613000254CD /* CustomerAccessTokenCreateInput.swift */; };
		9A4068881E8AE613000254CD /* CustomerAccessTokenCreatePayload.swift in Sources */ = {isa = PBXBuildFile; fileRef = 9A40682E1E8AE613000254CD /* CustomerAccessTokenCreatePayload.swift */; };
		9A4068891E8AE613000254CD /* CustomerAccessTokenDeleteInput.swift in Sources */ = {isa = PBXBuildFile; fileRef = 9A40682F1E8AE613000254CD /* CustomerAccessTokenDeleteInput.swift */; };
		9A40688A1E8AE613000254CD /* CustomerAccessTokenDeletePayload.swift in Sources */ = {isa = PBXBuildFile; fileRef = 9A4068301E8AE613000254CD /* CustomerAccessTokenDeletePayload.swift */; };
		9A40688B1E8AE613000254CD /* CustomerAccessTokenRenewInput.swift in Sources */ = {isa = PBXBuildFile; fileRef = 9A4068311E8AE613000254CD /* CustomerAccessTokenRenewInput.swift */; };
		9A40688C1E8AE613000254CD /* CustomerAccessTokenRenewPayload.swift in Sources */ = {isa = PBXBuildFile; fileRef = 9A4068321E8AE613000254CD /* CustomerAccessTokenRenewPayload.swift */; };
		9A40688D1E8AE613000254CD /* CustomerActivateInput.swift in Sources */ = {isa = PBXBuildFile; fileRef = 9A4068331E8AE613000254CD /* CustomerActivateInput.swift */; };
		9A40688E1E8AE613000254CD /* CustomerActivatePayload.swift in Sources */ = {isa = PBXBuildFile; fileRef = 9A4068341E8AE613000254CD /* CustomerActivatePayload.swift */; };
		9A40688F1E8AE613000254CD /* CustomerAddressCreateInput.swift in Sources */ = {isa = PBXBuildFile; fileRef = 9A4068351E8AE613000254CD /* CustomerAddressCreateInput.swift */; };
		9A4068901E8AE613000254CD /* CustomerAddressCreatePayload.swift in Sources */ = {isa = PBXBuildFile; fileRef = 9A4068361E8AE613000254CD /* CustomerAddressCreatePayload.swift */; };
		9A4068911E8AE613000254CD /* CustomerAddressDeleteInput.swift in Sources */ = {isa = PBXBuildFile; fileRef = 9A4068371E8AE613000254CD /* CustomerAddressDeleteInput.swift */; };
		9A4068921E8AE613000254CD /* CustomerAddressDeletePayload.swift in Sources */ = {isa = PBXBuildFile; fileRef = 9A4068381E8AE613000254CD /* CustomerAddressDeletePayload.swift */; };
		9A4068931E8AE613000254CD /* CustomerAddressUpdateInput.swift in Sources */ = {isa = PBXBuildFile; fileRef = 9A4068391E8AE613000254CD /* CustomerAddressUpdateInput.swift */; };
		9A4068941E8AE613000254CD /* CustomerAddressUpdatePayload.swift in Sources */ = {isa = PBXBuildFile; fileRef = 9A40683A1E8AE613000254CD /* CustomerAddressUpdatePayload.swift */; };
		9A4068951E8AE613000254CD /* CustomerCreateInput.swift in Sources */ = {isa = PBXBuildFile; fileRef = 9A40683B1E8AE613000254CD /* CustomerCreateInput.swift */; };
		9A4068961E8AE613000254CD /* CustomerCreatePayload.swift in Sources */ = {isa = PBXBuildFile; fileRef = 9A40683C1E8AE613000254CD /* CustomerCreatePayload.swift */; };
		9A4068971E8AE613000254CD /* CustomerRecoverInput.swift in Sources */ = {isa = PBXBuildFile; fileRef = 9A40683D1E8AE613000254CD /* CustomerRecoverInput.swift */; };
		9A4068981E8AE613000254CD /* CustomerRecoverPayload.swift in Sources */ = {isa = PBXBuildFile; fileRef = 9A40683E1E8AE613000254CD /* CustomerRecoverPayload.swift */; };
		9A4068991E8AE613000254CD /* CustomerResetInput.swift in Sources */ = {isa = PBXBuildFile; fileRef = 9A40683F1E8AE613000254CD /* CustomerResetInput.swift */; };
		9A40689A1E8AE613000254CD /* CustomerResetPayload.swift in Sources */ = {isa = PBXBuildFile; fileRef = 9A4068401E8AE613000254CD /* CustomerResetPayload.swift */; };
		9A40689B1E8AE613000254CD /* CustomerUpdateInput.swift in Sources */ = {isa = PBXBuildFile; fileRef = 9A4068411E8AE613000254CD /* CustomerUpdateInput.swift */; };
		9A40689C1E8AE613000254CD /* CustomerUpdatePayload.swift in Sources */ = {isa = PBXBuildFile; fileRef = 9A4068421E8AE613000254CD /* CustomerUpdatePayload.swift */; };
		9A40689D1E8AE613000254CD /* Domain.swift in Sources */ = {isa = PBXBuildFile; fileRef = 9A4068431E8AE613000254CD /* Domain.swift */; };
		9A40689E1E8AE613000254CD /* Image.swift in Sources */ = {isa = PBXBuildFile; fileRef = 9A4068441E8AE613000254CD /* Image.swift */; };
		9A40689F1E8AE613000254CD /* ImageConnection.swift in Sources */ = {isa = PBXBuildFile; fileRef = 9A4068451E8AE613000254CD /* ImageConnection.swift */; };
		9A4068A01E8AE613000254CD /* ImageEdge.swift in Sources */ = {isa = PBXBuildFile; fileRef = 9A4068461E8AE613000254CD /* ImageEdge.swift */; };
		9A4068A11E8AE613000254CD /* LineItem.swift in Sources */ = {isa = PBXBuildFile; fileRef = 9A4068471E8AE613000254CD /* LineItem.swift */; };
		9A4068A21E8AE613000254CD /* LineItemConnection.swift in Sources */ = {isa = PBXBuildFile; fileRef = 9A4068481E8AE613000254CD /* LineItemConnection.swift */; };
		9A4068A31E8AE613000254CD /* LineItemEdge.swift in Sources */ = {isa = PBXBuildFile; fileRef = 9A4068491E8AE613000254CD /* LineItemEdge.swift */; };
		9A4068A41E8AE613000254CD /* LineItemInput.swift in Sources */ = {isa = PBXBuildFile; fileRef = 9A40684A1E8AE613000254CD /* LineItemInput.swift */; };
		9A4068A51E8AE613000254CD /* MailingAddress.swift in Sources */ = {isa = PBXBuildFile; fileRef = 9A40684B1E8AE613000254CD /* MailingAddress.swift */; };
		9A4068A61E8AE613000254CD /* MailingAddressConnection.swift in Sources */ = {isa = PBXBuildFile; fileRef = 9A40684C1E8AE613000254CD /* MailingAddressConnection.swift */; };
		9A4068A71E8AE613000254CD /* MailingAddressEdge.swift in Sources */ = {isa = PBXBuildFile; fileRef = 9A40684D1E8AE613000254CD /* MailingAddressEdge.swift */; };
		9A4068A81E8AE613000254CD /* MailingAddressInput.swift in Sources */ = {isa = PBXBuildFile; fileRef = 9A40684E1E8AE613000254CD /* MailingAddressInput.swift */; };
		9A4068A91E8AE613000254CD /* Mutation.swift in Sources */ = {isa = PBXBuildFile; fileRef = 9A40684F1E8AE613000254CD /* Mutation.swift */; };
		9A4068AA1E8AE613000254CD /* Node.swift in Sources */ = {isa = PBXBuildFile; fileRef = 9A4068501E8AE613000254CD /* Node.swift */; };
		9A4068AB1E8AE613000254CD /* Order.swift in Sources */ = {isa = PBXBuildFile; fileRef = 9A4068511E8AE613000254CD /* Order.swift */; };
		9A4068AC1E8AE613000254CD /* OrderCancelReason.swift in Sources */ = {isa = PBXBuildFile; fileRef = 9A4068521E8AE613000254CD /* OrderCancelReason.swift */; };
		9A4068AD1E8AE613000254CD /* OrderConnection.swift in Sources */ = {isa = PBXBuildFile; fileRef = 9A4068531E8AE613000254CD /* OrderConnection.swift */; };
		9A4068AE1E8AE613000254CD /* OrderDisplayFinancialStatus.swift in Sources */ = {isa = PBXBuildFile; fileRef = 9A4068541E8AE613000254CD /* OrderDisplayFinancialStatus.swift */; };
		9A4068AF1E8AE613000254CD /* OrderDisplayFulfillmentStatus.swift in Sources */ = {isa = PBXBuildFile; fileRef = 9A4068551E8AE613000254CD /* OrderDisplayFulfillmentStatus.swift */; };
		9A4068B01E8AE613000254CD /* OrderEdge.swift in Sources */ = {isa = PBXBuildFile; fileRef = 9A4068561E8AE613000254CD /* OrderEdge.swift */; };
		9A4068B11E8AE613000254CD /* OrderSortKeys.swift in Sources */ = {isa = PBXBuildFile; fileRef = 9A4068571E8AE613000254CD /* OrderSortKeys.swift */; };
		9A4068B21E8AE613000254CD /* PageInfo.swift in Sources */ = {isa = PBXBuildFile; fileRef = 9A4068581E8AE613000254CD /* PageInfo.swift */; };
		9A4068B31E8AE613000254CD /* Payment.swift in Sources */ = {isa = PBXBuildFile; fileRef = 9A4068591E8AE613000254CD /* Payment.swift */; };
		9A4068B41E8AE613000254CD /* Product.swift in Sources */ = {isa = PBXBuildFile; fileRef = 9A40685A1E8AE613000254CD /* Product.swift */; };
		9A4068B51E8AE613000254CD /* ProductConnection.swift in Sources */ = {isa = PBXBuildFile; fileRef = 9A40685B1E8AE613000254CD /* ProductConnection.swift */; };
		9A4068B61E8AE613000254CD /* ProductEdge.swift in Sources */ = {isa = PBXBuildFile; fileRef = 9A40685C1E8AE613000254CD /* ProductEdge.swift */; };
		9A4068B71E8AE613000254CD /* ProductOption.swift in Sources */ = {isa = PBXBuildFile; fileRef = 9A40685D1E8AE613000254CD /* ProductOption.swift */; };
		9A4068B81E8AE613000254CD /* ProductSortKeys.swift in Sources */ = {isa = PBXBuildFile; fileRef = 9A40685E1E8AE613000254CD /* ProductSortKeys.swift */; };
		9A4068B91E8AE613000254CD /* ProductVariant.swift in Sources */ = {isa = PBXBuildFile; fileRef = 9A40685F1E8AE613000254CD /* ProductVariant.swift */; };
		9A4068BA1E8AE613000254CD /* ProductVariantConnection.swift in Sources */ = {isa = PBXBuildFile; fileRef = 9A4068601E8AE613000254CD /* ProductVariantConnection.swift */; };
		9A4068BB1E8AE613000254CD /* ProductVariantEdge.swift in Sources */ = {isa = PBXBuildFile; fileRef = 9A4068611E8AE613000254CD /* ProductVariantEdge.swift */; };
		9A4068BC1E8AE613000254CD /* QueryRoot.swift in Sources */ = {isa = PBXBuildFile; fileRef = 9A4068621E8AE613000254CD /* QueryRoot.swift */; };
		9A4068BD1E8AE613000254CD /* SelectedOption.swift in Sources */ = {isa = PBXBuildFile; fileRef = 9A4068631E8AE613000254CD /* SelectedOption.swift */; };
		9A4068BE1E8AE613000254CD /* ShippingRate.swift in Sources */ = {isa = PBXBuildFile; fileRef = 9A4068641E8AE613000254CD /* ShippingRate.swift */; };
		9A4068BF1E8AE613000254CD /* Shop.swift in Sources */ = {isa = PBXBuildFile; fileRef = 9A4068651E8AE613000254CD /* Shop.swift */; };
		9A4068C01E8AE613000254CD /* ShopPolicy.swift in Sources */ = {isa = PBXBuildFile; fileRef = 9A4068661E8AE613000254CD /* ShopPolicy.swift */; };
		9A4068C11E8AE613000254CD /* Transaction.swift in Sources */ = {isa = PBXBuildFile; fileRef = 9A4068671E8AE613000254CD /* Transaction.swift */; };
		9A4068C21E8AE613000254CD /* TransactionKind.swift in Sources */ = {isa = PBXBuildFile; fileRef = 9A4068681E8AE613000254CD /* TransactionKind.swift */; };
		9A4068C31E8AE613000254CD /* TransactionStatus.swift in Sources */ = {isa = PBXBuildFile; fileRef = 9A4068691E8AE613000254CD /* TransactionStatus.swift */; };
		9A4068C41E8AE613000254CD /* UserError.swift in Sources */ = {isa = PBXBuildFile; fileRef = 9A40686A1E8AE613000254CD /* UserError.swift */; };
		9A4068C51E8AE613000254CD /* WeightUnit.swift in Sources */ = {isa = PBXBuildFile; fileRef = 9A40686B1E8AE613000254CD /* WeightUnit.swift */; };
		9A4068C61E8AE613000254CD /* Storefront.swift in Sources */ = {isa = PBXBuildFile; fileRef = 9A40686C1E8AE613000254CD /* Storefront.swift */; };
		9AAFAB721E60766E00864A17 /* Global.swift in Sources */ = {isa = PBXBuildFile; fileRef = 9AAFAB711E60766E00864A17 /* Global.swift */; };
		9AAFAB751E60809400864A17 /* GraphResult.swift in Sources */ = {isa = PBXBuildFile; fileRef = 9AAFAB741E60809400864A17 /* GraphResult.swift */; };
		9AAFAB771E6080A500864A17 /* GraphError.swift in Sources */ = {isa = PBXBuildFile; fileRef = 9AAFAB761E6080A500864A17 /* GraphError.swift */; };
		9AEF60F81E5F42D90067FA90 /* Buy.h in Headers */ = {isa = PBXBuildFile; fileRef = 9AEF60F61E5F42D90067FA90 /* Buy.h */; settings = {ATTRIBUTES = (Public, ); }; };
		9AEF61A11E5F5A190067FA90 /* GraphQL+ScalarSupport.swift in Sources */ = {isa = PBXBuildFile; fileRef = 9AEF61A01E5F5A190067FA90 /* GraphQL+ScalarSupport.swift */; };
		9AEF61B91E5F64230067FA90 /* GraphClient.swift in Sources */ = {isa = PBXBuildFile; fileRef = 9AEF61B81E5F64230067FA90 /* GraphClient.swift */; };
		9AFA38ED1E64850A0056C5AA /* BuyTests.swift in Sources */ = {isa = PBXBuildFile; fileRef = 9AFA38EC1E64850A0056C5AA /* BuyTests.swift */; };
		9AFA38EF1E64850A0056C5AA /* Buy.framework in Frameworks */ = {isa = PBXBuildFile; fileRef = 9AEF60F31E5F42D90067FA90 /* Buy.framework */; };
		9AFA3B6D1E6D9A5E0056C5AA /* GraphQL.swift in Sources */ = {isa = PBXBuildFile; fileRef = 9AFA3B6C1E6D9A5E0056C5AA /* GraphQL.swift */; };
/* End PBXBuildFile section */

/* Begin PBXContainerItemProxy section */
		9AFA38F01E64850A0056C5AA /* PBXContainerItemProxy */ = {
			isa = PBXContainerItemProxy;
			containerPortal = 9AEF60EA1E5F42D90067FA90 /* Project object */;
			proxyType = 1;
			remoteGlobalIDString = 9AEF60F21E5F42D90067FA90;
			remoteInfo = Buy;
		};
/* End PBXContainerItemProxy section */

/* Begin PBXFileReference section */
		9A4068131E8AE613000254CD /* Attribute.swift */ = {isa = PBXFileReference; fileEncoding = 4; lastKnownFileType = sourcecode.swift; path = Attribute.swift; sourceTree = "<group>"; };
		9A4068141E8AE613000254CD /* AttributeInput.swift */ = {isa = PBXFileReference; fileEncoding = 4; lastKnownFileType = sourcecode.swift; path = AttributeInput.swift; sourceTree = "<group>"; };
		9A4068151E8AE613000254CD /* Checkout.swift */ = {isa = PBXFileReference; fileEncoding = 4; lastKnownFileType = sourcecode.swift; path = Checkout.swift; sourceTree = "<group>"; };
		9A4068161E8AE613000254CD /* CheckoutAddLineItemsInput.swift */ = {isa = PBXFileReference; fileEncoding = 4; lastKnownFileType = sourcecode.swift; path = CheckoutAddLineItemsInput.swift; sourceTree = "<group>"; };
		9A4068171E8AE613000254CD /* CheckoutAddLineItemsPayload.swift */ = {isa = PBXFileReference; fileEncoding = 4; lastKnownFileType = sourcecode.swift; path = CheckoutAddLineItemsPayload.swift; sourceTree = "<group>"; };
		9A4068181E8AE613000254CD /* CheckoutAttributesUpdateInput.swift */ = {isa = PBXFileReference; fileEncoding = 4; lastKnownFileType = sourcecode.swift; path = CheckoutAttributesUpdateInput.swift; sourceTree = "<group>"; };
		9A4068191E8AE613000254CD /* CheckoutAttributesUpdatePayload.swift */ = {isa = PBXFileReference; fileEncoding = 4; lastKnownFileType = sourcecode.swift; path = CheckoutAttributesUpdatePayload.swift; sourceTree = "<group>"; };
		9A40681A1E8AE613000254CD /* CheckoutCompleteWithCreditCardInput.swift */ = {isa = PBXFileReference; fileEncoding = 4; lastKnownFileType = sourcecode.swift; path = CheckoutCompleteWithCreditCardInput.swift; sourceTree = "<group>"; };
		9A40681B1E8AE613000254CD /* CheckoutCompleteWithCreditCardPayload.swift */ = {isa = PBXFileReference; fileEncoding = 4; lastKnownFileType = sourcecode.swift; path = CheckoutCompleteWithCreditCardPayload.swift; sourceTree = "<group>"; };
		9A40681C1E8AE613000254CD /* CheckoutCompleteWithTokenizedPaymentInput.swift */ = {isa = PBXFileReference; fileEncoding = 4; lastKnownFileType = sourcecode.swift; path = CheckoutCompleteWithTokenizedPaymentInput.swift; sourceTree = "<group>"; };
		9A40681D1E8AE613000254CD /* CheckoutCompleteWithTokenizedPaymentPayload.swift */ = {isa = PBXFileReference; fileEncoding = 4; lastKnownFileType = sourcecode.swift; path = CheckoutCompleteWithTokenizedPaymentPayload.swift; sourceTree = "<group>"; };
		9A40681E1E8AE613000254CD /* CheckoutCreateInput.swift */ = {isa = PBXFileReference; fileEncoding = 4; lastKnownFileType = sourcecode.swift; path = CheckoutCreateInput.swift; sourceTree = "<group>"; };
		9A40681F1E8AE613000254CD /* CheckoutCreatePayload.swift */ = {isa = PBXFileReference; fileEncoding = 4; lastKnownFileType = sourcecode.swift; path = CheckoutCreatePayload.swift; sourceTree = "<group>"; };
		9A4068201E8AE613000254CD /* CheckoutShippingAddressUpdateInput.swift */ = {isa = PBXFileReference; fileEncoding = 4; lastKnownFileType = sourcecode.swift; path = CheckoutShippingAddressUpdateInput.swift; sourceTree = "<group>"; };
		9A4068211E8AE613000254CD /* CheckoutShippingAddressUpdatePayload.swift */ = {isa = PBXFileReference; fileEncoding = 4; lastKnownFileType = sourcecode.swift; path = CheckoutShippingAddressUpdatePayload.swift; sourceTree = "<group>"; };
		9A4068221E8AE613000254CD /* CheckoutShippingLineUpdateInput.swift */ = {isa = PBXFileReference; fileEncoding = 4; lastKnownFileType = sourcecode.swift; path = CheckoutShippingLineUpdateInput.swift; sourceTree = "<group>"; };
		9A4068231E8AE613000254CD /* CheckoutShippingLineUpdatePayload.swift */ = {isa = PBXFileReference; fileEncoding = 4; lastKnownFileType = sourcecode.swift; path = CheckoutShippingLineUpdatePayload.swift; sourceTree = "<group>"; };
		9A4068241E8AE613000254CD /* Collection.swift */ = {isa = PBXFileReference; fileEncoding = 4; lastKnownFileType = sourcecode.swift; path = Collection.swift; sourceTree = "<group>"; };
		9A4068251E8AE613000254CD /* CollectionConnection.swift */ = {isa = PBXFileReference; fileEncoding = 4; lastKnownFileType = sourcecode.swift; path = CollectionConnection.swift; sourceTree = "<group>"; };
		9A4068261E8AE613000254CD /* CollectionEdge.swift */ = {isa = PBXFileReference; fileEncoding = 4; lastKnownFileType = sourcecode.swift; path = CollectionEdge.swift; sourceTree = "<group>"; };
		9A4068271E8AE613000254CD /* CollectionSortKeys.swift */ = {isa = PBXFileReference; fileEncoding = 4; lastKnownFileType = sourcecode.swift; path = CollectionSortKeys.swift; sourceTree = "<group>"; };
		9A4068281E8AE613000254CD /* CreditCard.swift */ = {isa = PBXFileReference; fileEncoding = 4; lastKnownFileType = sourcecode.swift; path = CreditCard.swift; sourceTree = "<group>"; };
		9A4068291E8AE613000254CD /* CropRegion.swift */ = {isa = PBXFileReference; fileEncoding = 4; lastKnownFileType = sourcecode.swift; path = CropRegion.swift; sourceTree = "<group>"; };
		9A40682A1E8AE613000254CD /* CurrencyCode.swift */ = {isa = PBXFileReference; fileEncoding = 4; lastKnownFileType = sourcecode.swift; path = CurrencyCode.swift; sourceTree = "<group>"; };
		9A40682B1E8AE613000254CD /* Customer.swift */ = {isa = PBXFileReference; fileEncoding = 4; lastKnownFileType = sourcecode.swift; path = Customer.swift; sourceTree = "<group>"; };
		9A40682C1E8AE613000254CD /* CustomerAccessToken.swift */ = {isa = PBXFileReference; fileEncoding = 4; lastKnownFileType = sourcecode.swift; path = CustomerAccessToken.swift; sourceTree = "<group>"; };
		9A40682D1E8AE613000254CD /* CustomerAccessTokenCreateInput.swift */ = {isa = PBXFileReference; fileEncoding = 4; lastKnownFileType = sourcecode.swift; path = CustomerAccessTokenCreateInput.swift; sourceTree = "<group>"; };
		9A40682E1E8AE613000254CD /* CustomerAccessTokenCreatePayload.swift */ = {isa = PBXFileReference; fileEncoding = 4; lastKnownFileType = sourcecode.swift; path = CustomerAccessTokenCreatePayload.swift; sourceTree = "<group>"; };
		9A40682F1E8AE613000254CD /* CustomerAccessTokenDeleteInput.swift */ = {isa = PBXFileReference; fileEncoding = 4; lastKnownFileType = sourcecode.swift; path = CustomerAccessTokenDeleteInput.swift; sourceTree = "<group>"; };
		9A4068301E8AE613000254CD /* CustomerAccessTokenDeletePayload.swift */ = {isa = PBXFileReference; fileEncoding = 4; lastKnownFileType = sourcecode.swift; path = CustomerAccessTokenDeletePayload.swift; sourceTree = "<group>"; };
		9A4068311E8AE613000254CD /* CustomerAccessTokenRenewInput.swift */ = {isa = PBXFileReference; fileEncoding = 4; lastKnownFileType = sourcecode.swift; path = CustomerAccessTokenRenewInput.swift; sourceTree = "<group>"; };
		9A4068321E8AE613000254CD /* CustomerAccessTokenRenewPayload.swift */ = {isa = PBXFileReference; fileEncoding = 4; lastKnownFileType = sourcecode.swift; path = CustomerAccessTokenRenewPayload.swift; sourceTree = "<group>"; };
		9A4068331E8AE613000254CD /* CustomerActivateInput.swift */ = {isa = PBXFileReference; fileEncoding = 4; lastKnownFileType = sourcecode.swift; path = CustomerActivateInput.swift; sourceTree = "<group>"; };
		9A4068341E8AE613000254CD /* CustomerActivatePayload.swift */ = {isa = PBXFileReference; fileEncoding = 4; lastKnownFileType = sourcecode.swift; path = CustomerActivatePayload.swift; sourceTree = "<group>"; };
		9A4068351E8AE613000254CD /* CustomerAddressCreateInput.swift */ = {isa = PBXFileReference; fileEncoding = 4; lastKnownFileType = sourcecode.swift; path = CustomerAddressCreateInput.swift; sourceTree = "<group>"; };
		9A4068361E8AE613000254CD /* CustomerAddressCreatePayload.swift */ = {isa = PBXFileReference; fileEncoding = 4; lastKnownFileType = sourcecode.swift; path = CustomerAddressCreatePayload.swift; sourceTree = "<group>"; };
		9A4068371E8AE613000254CD /* CustomerAddressDeleteInput.swift */ = {isa = PBXFileReference; fileEncoding = 4; lastKnownFileType = sourcecode.swift; path = CustomerAddressDeleteInput.swift; sourceTree = "<group>"; };
		9A4068381E8AE613000254CD /* CustomerAddressDeletePayload.swift */ = {isa = PBXFileReference; fileEncoding = 4; lastKnownFileType = sourcecode.swift; path = CustomerAddressDeletePayload.swift; sourceTree = "<group>"; };
		9A4068391E8AE613000254CD /* CustomerAddressUpdateInput.swift */ = {isa = PBXFileReference; fileEncoding = 4; lastKnownFileType = sourcecode.swift; path = CustomerAddressUpdateInput.swift; sourceTree = "<group>"; };
		9A40683A1E8AE613000254CD /* CustomerAddressUpdatePayload.swift */ = {isa = PBXFileReference; fileEncoding = 4; lastKnownFileType = sourcecode.swift; path = CustomerAddressUpdatePayload.swift; sourceTree = "<group>"; };
		9A40683B1E8AE613000254CD /* CustomerCreateInput.swift */ = {isa = PBXFileReference; fileEncoding = 4; lastKnownFileType = sourcecode.swift; path = CustomerCreateInput.swift; sourceTree = "<group>"; };
		9A40683C1E8AE613000254CD /* CustomerCreatePayload.swift */ = {isa = PBXFileReference; fileEncoding = 4; lastKnownFileType = sourcecode.swift; path = CustomerCreatePayload.swift; sourceTree = "<group>"; };
		9A40683D1E8AE613000254CD /* CustomerRecoverInput.swift */ = {isa = PBXFileReference; fileEncoding = 4; lastKnownFileType = sourcecode.swift; path = CustomerRecoverInput.swift; sourceTree = "<group>"; };
		9A40683E1E8AE613000254CD /* CustomerRecoverPayload.swift */ = {isa = PBXFileReference; fileEncoding = 4; lastKnownFileType = sourcecode.swift; path = CustomerRecoverPayload.swift; sourceTree = "<group>"; };
		9A40683F1E8AE613000254CD /* CustomerResetInput.swift */ = {isa = PBXFileReference; fileEncoding = 4; lastKnownFileType = sourcecode.swift; path = CustomerResetInput.swift; sourceTree = "<group>"; };
		9A4068401E8AE613000254CD /* CustomerResetPayload.swift */ = {isa = PBXFileReference; fileEncoding = 4; lastKnownFileType = sourcecode.swift; path = CustomerResetPayload.swift; sourceTree = "<group>"; };
		9A4068411E8AE613000254CD /* CustomerUpdateInput.swift */ = {isa = PBXFileReference; fileEncoding = 4; lastKnownFileType = sourcecode.swift; path = CustomerUpdateInput.swift; sourceTree = "<group>"; };
		9A4068421E8AE613000254CD /* CustomerUpdatePayload.swift */ = {isa = PBXFileReference; fileEncoding = 4; lastKnownFileType = sourcecode.swift; path = CustomerUpdatePayload.swift; sourceTree = "<group>"; };
		9A4068431E8AE613000254CD /* Domain.swift */ = {isa = PBXFileReference; fileEncoding = 4; lastKnownFileType = sourcecode.swift; path = Domain.swift; sourceTree = "<group>"; };
		9A4068441E8AE613000254CD /* Image.swift */ = {isa = PBXFileReference; fileEncoding = 4; lastKnownFileType = sourcecode.swift; path = Image.swift; sourceTree = "<group>"; };
		9A4068451E8AE613000254CD /* ImageConnection.swift */ = {isa = PBXFileReference; fileEncoding = 4; lastKnownFileType = sourcecode.swift; path = ImageConnection.swift; sourceTree = "<group>"; };
		9A4068461E8AE613000254CD /* ImageEdge.swift */ = {isa = PBXFileReference; fileEncoding = 4; lastKnownFileType = sourcecode.swift; path = ImageEdge.swift; sourceTree = "<group>"; };
		9A4068471E8AE613000254CD /* LineItem.swift */ = {isa = PBXFileReference; fileEncoding = 4; lastKnownFileType = sourcecode.swift; path = LineItem.swift; sourceTree = "<group>"; };
		9A4068481E8AE613000254CD /* LineItemConnection.swift */ = {isa = PBXFileReference; fileEncoding = 4; lastKnownFileType = sourcecode.swift; path = LineItemConnection.swift; sourceTree = "<group>"; };
		9A4068491E8AE613000254CD /* LineItemEdge.swift */ = {isa = PBXFileReference; fileEncoding = 4; lastKnownFileType = sourcecode.swift; path = LineItemEdge.swift; sourceTree = "<group>"; };
		9A40684A1E8AE613000254CD /* LineItemInput.swift */ = {isa = PBXFileReference; fileEncoding = 4; lastKnownFileType = sourcecode.swift; path = LineItemInput.swift; sourceTree = "<group>"; };
		9A40684B1E8AE613000254CD /* MailingAddress.swift */ = {isa = PBXFileReference; fileEncoding = 4; lastKnownFileType = sourcecode.swift; path = MailingAddress.swift; sourceTree = "<group>"; };
		9A40684C1E8AE613000254CD /* MailingAddressConnection.swift */ = {isa = PBXFileReference; fileEncoding = 4; lastKnownFileType = sourcecode.swift; path = MailingAddressConnection.swift; sourceTree = "<group>"; };
		9A40684D1E8AE613000254CD /* MailingAddressEdge.swift */ = {isa = PBXFileReference; fileEncoding = 4; lastKnownFileType = sourcecode.swift; path = MailingAddressEdge.swift; sourceTree = "<group>"; };
		9A40684E1E8AE613000254CD /* MailingAddressInput.swift */ = {isa = PBXFileReference; fileEncoding = 4; lastKnownFileType = sourcecode.swift; path = MailingAddressInput.swift; sourceTree = "<group>"; };
		9A40684F1E8AE613000254CD /* Mutation.swift */ = {isa = PBXFileReference; fileEncoding = 4; lastKnownFileType = sourcecode.swift; path = Mutation.swift; sourceTree = "<group>"; };
		9A4068501E8AE613000254CD /* Node.swift */ = {isa = PBXFileReference; fileEncoding = 4; lastKnownFileType = sourcecode.swift; path = Node.swift; sourceTree = "<group>"; };
		9A4068511E8AE613000254CD /* Order.swift */ = {isa = PBXFileReference; fileEncoding = 4; lastKnownFileType = sourcecode.swift; path = Order.swift; sourceTree = "<group>"; };
		9A4068521E8AE613000254CD /* OrderCancelReason.swift */ = {isa = PBXFileReference; fileEncoding = 4; lastKnownFileType = sourcecode.swift; path = OrderCancelReason.swift; sourceTree = "<group>"; };
		9A4068531E8AE613000254CD /* OrderConnection.swift */ = {isa = PBXFileReference; fileEncoding = 4; lastKnownFileType = sourcecode.swift; path = OrderConnection.swift; sourceTree = "<group>"; };
		9A4068541E8AE613000254CD /* OrderDisplayFinancialStatus.swift */ = {isa = PBXFileReference; fileEncoding = 4; lastKnownFileType = sourcecode.swift; path = OrderDisplayFinancialStatus.swift; sourceTree = "<group>"; };
		9A4068551E8AE613000254CD /* OrderDisplayFulfillmentStatus.swift */ = {isa = PBXFileReference; fileEncoding = 4; lastKnownFileType = sourcecode.swift; path = OrderDisplayFulfillmentStatus.swift; sourceTree = "<group>"; };
		9A4068561E8AE613000254CD /* OrderEdge.swift */ = {isa = PBXFileReference; fileEncoding = 4; lastKnownFileType = sourcecode.swift; path = OrderEdge.swift; sourceTree = "<group>"; };
		9A4068571E8AE613000254CD /* OrderSortKeys.swift */ = {isa = PBXFileReference; fileEncoding = 4; lastKnownFileType = sourcecode.swift; path = OrderSortKeys.swift; sourceTree = "<group>"; };
		9A4068581E8AE613000254CD /* PageInfo.swift */ = {isa = PBXFileReference; fileEncoding = 4; lastKnownFileType = sourcecode.swift; path = PageInfo.swift; sourceTree = "<group>"; };
		9A4068591E8AE613000254CD /* Payment.swift */ = {isa = PBXFileReference; fileEncoding = 4; lastKnownFileType = sourcecode.swift; path = Payment.swift; sourceTree = "<group>"; };
		9A40685A1E8AE613000254CD /* Product.swift */ = {isa = PBXFileReference; fileEncoding = 4; lastKnownFileType = sourcecode.swift; path = Product.swift; sourceTree = "<group>"; };
		9A40685B1E8AE613000254CD /* ProductConnection.swift */ = {isa = PBXFileReference; fileEncoding = 4; lastKnownFileType = sourcecode.swift; path = ProductConnection.swift; sourceTree = "<group>"; };
		9A40685C1E8AE613000254CD /* ProductEdge.swift */ = {isa = PBXFileReference; fileEncoding = 4; lastKnownFileType = sourcecode.swift; path = ProductEdge.swift; sourceTree = "<group>"; };
		9A40685D1E8AE613000254CD /* ProductOption.swift */ = {isa = PBXFileReference; fileEncoding = 4; lastKnownFileType = sourcecode.swift; path = ProductOption.swift; sourceTree = "<group>"; };
		9A40685E1E8AE613000254CD /* ProductSortKeys.swift */ = {isa = PBXFileReference; fileEncoding = 4; lastKnownFileType = sourcecode.swift; path = ProductSortKeys.swift; sourceTree = "<group>"; };
		9A40685F1E8AE613000254CD /* ProductVariant.swift */ = {isa = PBXFileReference; fileEncoding = 4; lastKnownFileType = sourcecode.swift; path = ProductVariant.swift; sourceTree = "<group>"; };
		9A4068601E8AE613000254CD /* ProductVariantConnection.swift */ = {isa = PBXFileReference; fileEncoding = 4; lastKnownFileType = sourcecode.swift; path = ProductVariantConnection.swift; sourceTree = "<group>"; };
		9A4068611E8AE613000254CD /* ProductVariantEdge.swift */ = {isa = PBXFileReference; fileEncoding = 4; lastKnownFileType = sourcecode.swift; path = ProductVariantEdge.swift; sourceTree = "<group>"; };
		9A4068621E8AE613000254CD /* QueryRoot.swift */ = {isa = PBXFileReference; fileEncoding = 4; lastKnownFileType = sourcecode.swift; path = QueryRoot.swift; sourceTree = "<group>"; };
		9A4068631E8AE613000254CD /* SelectedOption.swift */ = {isa = PBXFileReference; fileEncoding = 4; lastKnownFileType = sourcecode.swift; path = SelectedOption.swift; sourceTree = "<group>"; };
		9A4068641E8AE613000254CD /* ShippingRate.swift */ = {isa = PBXFileReference; fileEncoding = 4; lastKnownFileType = sourcecode.swift; path = ShippingRate.swift; sourceTree = "<group>"; };
		9A4068651E8AE613000254CD /* Shop.swift */ = {isa = PBXFileReference; fileEncoding = 4; lastKnownFileType = sourcecode.swift; path = Shop.swift; sourceTree = "<group>"; };
		9A4068661E8AE613000254CD /* ShopPolicy.swift */ = {isa = PBXFileReference; fileEncoding = 4; lastKnownFileType = sourcecode.swift; path = ShopPolicy.swift; sourceTree = "<group>"; };
		9A4068671E8AE613000254CD /* Transaction.swift */ = {isa = PBXFileReference; fileEncoding = 4; lastKnownFileType = sourcecode.swift; path = Transaction.swift; sourceTree = "<group>"; };
		9A4068681E8AE613000254CD /* TransactionKind.swift */ = {isa = PBXFileReference; fileEncoding = 4; lastKnownFileType = sourcecode.swift; path = TransactionKind.swift; sourceTree = "<group>"; };
		9A4068691E8AE613000254CD /* TransactionStatus.swift */ = {isa = PBXFileReference; fileEncoding = 4; lastKnownFileType = sourcecode.swift; path = TransactionStatus.swift; sourceTree = "<group>"; };
		9A40686A1E8AE613000254CD /* UserError.swift */ = {isa = PBXFileReference; fileEncoding = 4; lastKnownFileType = sourcecode.swift; path = UserError.swift; sourceTree = "<group>"; };
		9A40686B1E8AE613000254CD /* WeightUnit.swift */ = {isa = PBXFileReference; fileEncoding = 4; lastKnownFileType = sourcecode.swift; path = WeightUnit.swift; sourceTree = "<group>"; };
		9A40686C1E8AE613000254CD /* Storefront.swift */ = {isa = PBXFileReference; fileEncoding = 4; lastKnownFileType = sourcecode.swift; path = Storefront.swift; sourceTree = "<group>"; };
		9AAFAB711E60766E00864A17 /* Global.swift */ = {isa = PBXFileReference; fileEncoding = 4; lastKnownFileType = sourcecode.swift; path = Global.swift; sourceTree = "<group>"; };
		9AAFAB741E60809400864A17 /* GraphResult.swift */ = {isa = PBXFileReference; fileEncoding = 4; lastKnownFileType = sourcecode.swift; path = GraphResult.swift; sourceTree = "<group>"; };
		9AAFAB761E6080A500864A17 /* GraphError.swift */ = {isa = PBXFileReference; fileEncoding = 4; lastKnownFileType = sourcecode.swift; path = GraphError.swift; sourceTree = "<group>"; };
		9AEF60F31E5F42D90067FA90 /* Buy.framework */ = {isa = PBXFileReference; explicitFileType = wrapper.framework; includeInIndex = 0; path = Buy.framework; sourceTree = BUILT_PRODUCTS_DIR; };
		9AEF60F61E5F42D90067FA90 /* Buy.h */ = {isa = PBXFileReference; lastKnownFileType = sourcecode.c.h; path = Buy.h; sourceTree = "<group>"; };
		9AEF60F71E5F42D90067FA90 /* Info.plist */ = {isa = PBXFileReference; lastKnownFileType = text.plist.xml; path = Info.plist; sourceTree = "<group>"; };
		9AEF61A01E5F5A190067FA90 /* GraphQL+ScalarSupport.swift */ = {isa = PBXFileReference; fileEncoding = 4; lastKnownFileType = sourcecode.swift; path = "GraphQL+ScalarSupport.swift"; sourceTree = "<group>"; };
		9AEF61B81E5F64230067FA90 /* GraphClient.swift */ = {isa = PBXFileReference; fileEncoding = 4; lastKnownFileType = sourcecode.swift; path = GraphClient.swift; sourceTree = "<group>"; };
		9AFA38EA1E64850A0056C5AA /* BuyTests.xctest */ = {isa = PBXFileReference; explicitFileType = wrapper.cfbundle; includeInIndex = 0; path = BuyTests.xctest; sourceTree = BUILT_PRODUCTS_DIR; };
		9AFA38EC1E64850A0056C5AA /* BuyTests.swift */ = {isa = PBXFileReference; lastKnownFileType = sourcecode.swift; path = BuyTests.swift; sourceTree = "<group>"; };
		9AFA38EE1E64850A0056C5AA /* Info.plist */ = {isa = PBXFileReference; lastKnownFileType = text.plist.xml; path = Info.plist; sourceTree = "<group>"; };
		9AFA3B6C1E6D9A5E0056C5AA /* GraphQL.swift */ = {isa = PBXFileReference; fileEncoding = 4; lastKnownFileType = sourcecode.swift; path = GraphQL.swift; sourceTree = "<group>"; };
/* End PBXFileReference section */

/* Begin PBXFrameworksBuildPhase section */
		9AEF60EF1E5F42D90067FA90 /* Frameworks */ = {
			isa = PBXFrameworksBuildPhase;
			buildActionMask = 2147483647;
			files = (
			);
			runOnlyForDeploymentPostprocessing = 0;
		};
		9AFA38E71E64850A0056C5AA /* Frameworks */ = {
			isa = PBXFrameworksBuildPhase;
			buildActionMask = 2147483647;
			files = (
				9AFA38EF1E64850A0056C5AA /* Buy.framework in Frameworks */,
			);
			runOnlyForDeploymentPostprocessing = 0;
		};
/* End PBXFrameworksBuildPhase section */

/* Begin PBXGroup section */
		9A4068121E8AE613000254CD /* Storefront */ = {
			isa = PBXGroup;
			children = (
				9A4068131E8AE613000254CD /* Attribute.swift */,
				9A4068141E8AE613000254CD /* AttributeInput.swift */,
				9A4068151E8AE613000254CD /* Checkout.swift */,
				9A4068161E8AE613000254CD /* CheckoutAddLineItemsInput.swift */,
				9A4068171E8AE613000254CD /* CheckoutAddLineItemsPayload.swift */,
				9A4068181E8AE613000254CD /* CheckoutAttributesUpdateInput.swift */,
				9A4068191E8AE613000254CD /* CheckoutAttributesUpdatePayload.swift */,
				9A40681A1E8AE613000254CD /* CheckoutCompleteWithCreditCardInput.swift */,
				9A40681B1E8AE613000254CD /* CheckoutCompleteWithCreditCardPayload.swift */,
				9A40681C1E8AE613000254CD /* CheckoutCompleteWithTokenizedPaymentInput.swift */,
				9A40681D1E8AE613000254CD /* CheckoutCompleteWithTokenizedPaymentPayload.swift */,
				9A40681E1E8AE613000254CD /* CheckoutCreateInput.swift */,
				9A40681F1E8AE613000254CD /* CheckoutCreatePayload.swift */,
				9A4068201E8AE613000254CD /* CheckoutShippingAddressUpdateInput.swift */,
				9A4068211E8AE613000254CD /* CheckoutShippingAddressUpdatePayload.swift */,
				9A4068221E8AE613000254CD /* CheckoutShippingLineUpdateInput.swift */,
				9A4068231E8AE613000254CD /* CheckoutShippingLineUpdatePayload.swift */,
				9A4068241E8AE613000254CD /* Collection.swift */,
				9A4068251E8AE613000254CD /* CollectionConnection.swift */,
				9A4068261E8AE613000254CD /* CollectionEdge.swift */,
				9A4068271E8AE613000254CD /* CollectionSortKeys.swift */,
				9A4068281E8AE613000254CD /* CreditCard.swift */,
				9A4068291E8AE613000254CD /* CropRegion.swift */,
				9A40682A1E8AE613000254CD /* CurrencyCode.swift */,
				9A40682B1E8AE613000254CD /* Customer.swift */,
				9A40682C1E8AE613000254CD /* CustomerAccessToken.swift */,
				9A40682D1E8AE613000254CD /* CustomerAccessTokenCreateInput.swift */,
				9A40682E1E8AE613000254CD /* CustomerAccessTokenCreatePayload.swift */,
				9A40682F1E8AE613000254CD /* CustomerAccessTokenDeleteInput.swift */,
				9A4068301E8AE613000254CD /* CustomerAccessTokenDeletePayload.swift */,
				9A4068311E8AE613000254CD /* CustomerAccessTokenRenewInput.swift */,
				9A4068321E8AE613000254CD /* CustomerAccessTokenRenewPayload.swift */,
				9A4068331E8AE613000254CD /* CustomerActivateInput.swift */,
				9A4068341E8AE613000254CD /* CustomerActivatePayload.swift */,
				9A4068351E8AE613000254CD /* CustomerAddressCreateInput.swift */,
				9A4068361E8AE613000254CD /* CustomerAddressCreatePayload.swift */,
				9A4068371E8AE613000254CD /* CustomerAddressDeleteInput.swift */,
				9A4068381E8AE613000254CD /* CustomerAddressDeletePayload.swift */,
				9A4068391E8AE613000254CD /* CustomerAddressUpdateInput.swift */,
				9A40683A1E8AE613000254CD /* CustomerAddressUpdatePayload.swift */,
				9A40683B1E8AE613000254CD /* CustomerCreateInput.swift */,
				9A40683C1E8AE613000254CD /* CustomerCreatePayload.swift */,
				9A40683D1E8AE613000254CD /* CustomerRecoverInput.swift */,
				9A40683E1E8AE613000254CD /* CustomerRecoverPayload.swift */,
				9A40683F1E8AE613000254CD /* CustomerResetInput.swift */,
				9A4068401E8AE613000254CD /* CustomerResetPayload.swift */,
				9A4068411E8AE613000254CD /* CustomerUpdateInput.swift */,
				9A4068421E8AE613000254CD /* CustomerUpdatePayload.swift */,
				9A4068431E8AE613000254CD /* Domain.swift */,
				9A4068441E8AE613000254CD /* Image.swift */,
				9A4068451E8AE613000254CD /* ImageConnection.swift */,
				9A4068461E8AE613000254CD /* ImageEdge.swift */,
				9A4068471E8AE613000254CD /* LineItem.swift */,
				9A4068481E8AE613000254CD /* LineItemConnection.swift */,
				9A4068491E8AE613000254CD /* LineItemEdge.swift */,
				9A40684A1E8AE613000254CD /* LineItemInput.swift */,
				9A40684B1E8AE613000254CD /* MailingAddress.swift */,
				9A40684C1E8AE613000254CD /* MailingAddressConnection.swift */,
				9A40684D1E8AE613000254CD /* MailingAddressEdge.swift */,
				9A40684E1E8AE613000254CD /* MailingAddressInput.swift */,
				9A40684F1E8AE613000254CD /* Mutation.swift */,
				9A4068501E8AE613000254CD /* Node.swift */,
				9A4068511E8AE613000254CD /* Order.swift */,
				9A4068521E8AE613000254CD /* OrderCancelReason.swift */,
				9A4068531E8AE613000254CD /* OrderConnection.swift */,
				9A4068541E8AE613000254CD /* OrderDisplayFinancialStatus.swift */,
				9A4068551E8AE613000254CD /* OrderDisplayFulfillmentStatus.swift */,
				9A4068561E8AE613000254CD /* OrderEdge.swift */,
				9A4068571E8AE613000254CD /* OrderSortKeys.swift */,
				9A4068581E8AE613000254CD /* PageInfo.swift */,
				9A4068591E8AE613000254CD /* Payment.swift */,
				9A40685A1E8AE613000254CD /* Product.swift */,
				9A40685B1E8AE613000254CD /* ProductConnection.swift */,
				9A40685C1E8AE613000254CD /* ProductEdge.swift */,
				9A40685D1E8AE613000254CD /* ProductOption.swift */,
				9A40685E1E8AE613000254CD /* ProductSortKeys.swift */,
				9A40685F1E8AE613000254CD /* ProductVariant.swift */,
				9A4068601E8AE613000254CD /* ProductVariantConnection.swift */,
				9A4068611E8AE613000254CD /* ProductVariantEdge.swift */,
				9A4068621E8AE613000254CD /* QueryRoot.swift */,
				9A4068631E8AE613000254CD /* SelectedOption.swift */,
				9A4068641E8AE613000254CD /* ShippingRate.swift */,
				9A4068651E8AE613000254CD /* Shop.swift */,
				9A4068661E8AE613000254CD /* ShopPolicy.swift */,
				9A4068671E8AE613000254CD /* Transaction.swift */,
				9A4068681E8AE613000254CD /* TransactionKind.swift */,
				9A4068691E8AE613000254CD /* TransactionStatus.swift */,
				9A40686A1E8AE613000254CD /* UserError.swift */,
				9A40686B1E8AE613000254CD /* WeightUnit.swift */,
			);
			path = Storefront;
			sourceTree = "<group>";
		};
		9AAFAB701E60766300864A17 /* Global */ = {
			isa = PBXGroup;
			children = (
				9AAFAB711E60766E00864A17 /* Global.swift */,
			);
			name = Global;
			sourceTree = "<group>";
		};
		9AAFAB731E60804F00864A17 /* Client */ = {
			isa = PBXGroup;
			children = (
				9AEF61B81E5F64230067FA90 /* GraphClient.swift */,
				9AAFAB761E6080A500864A17 /* GraphError.swift */,
				9AAFAB741E60809400864A17 /* GraphResult.swift */,
			);
			name = Client;
			sourceTree = "<group>";
		};
		9AEF60E91E5F42D90067FA90 = {
			isa = PBXGroup;
			children = (
				9AFA3B6B1E6D9A5E0056C5AA /* Support */,
				9AEF60F51E5F42D90067FA90 /* Buy */,
				9AFA38EB1E64850A0056C5AA /* BuyTests */,
				9AEF60F41E5F42D90067FA90 /* Products */,
			);
			sourceTree = "<group>";
		};
		9AEF60F41E5F42D90067FA90 /* Products */ = {
			isa = PBXGroup;
			children = (
				9AEF60F31E5F42D90067FA90 /* Buy.framework */,
				9AFA38EA1E64850A0056C5AA /* BuyTests.xctest */,
			);
			name = Products;
			sourceTree = "<group>";
		};
		9AEF60F51E5F42D90067FA90 /* Buy */ = {
			isa = PBXGroup;
			children = (
				9AAFAB701E60766300864A17 /* Global */,
				9AAFAB731E60804F00864A17 /* Client */,
				9AEF619F1E5F5A050067FA90 /* Custom */,
				9AEF60FE1E5F439D0067FA90 /* Generated */,
				9AEF60F61E5F42D90067FA90 /* Buy.h */,
				9AEF60F71E5F42D90067FA90 /* Info.plist */,
			);
			path = Buy;
			sourceTree = "<group>";
		};
		9AEF60FE1E5F439D0067FA90 /* Generated */ = {
			isa = PBXGroup;
			children = (
				9A4068121E8AE613000254CD /* Storefront */,
				9A40686C1E8AE613000254CD /* Storefront.swift */,
			);
			path = Generated;
			sourceTree = "<group>";
		};
		9AEF619F1E5F5A050067FA90 /* Custom */ = {
			isa = PBXGroup;
			children = (
				9AEF61A01E5F5A190067FA90 /* GraphQL+ScalarSupport.swift */,
			);
			path = Custom;
			sourceTree = "<group>";
		};
		9AFA38EB1E64850A0056C5AA /* BuyTests */ = {
			isa = PBXGroup;
			children = (
				9AFA38EC1E64850A0056C5AA /* BuyTests.swift */,
				9AFA38EE1E64850A0056C5AA /* Info.plist */,
			);
			path = BuyTests;
			sourceTree = "<group>";
		};
		9AFA3B6B1E6D9A5E0056C5AA /* Support */ = {
			isa = PBXGroup;
			children = (
				9AFA3B6C1E6D9A5E0056C5AA /* GraphQL.swift */,
			);
			name = Support;
			path = "Dependencies/Swift Gen/support/Sources";
			sourceTree = "<group>";
		};
/* End PBXGroup section */

/* Begin PBXHeadersBuildPhase section */
		9AEF60F01E5F42D90067FA90 /* Headers */ = {
			isa = PBXHeadersBuildPhase;
			buildActionMask = 2147483647;
			files = (
				9AEF60F81E5F42D90067FA90 /* Buy.h in Headers */,
			);
			runOnlyForDeploymentPostprocessing = 0;
		};
/* End PBXHeadersBuildPhase section */

/* Begin PBXNativeTarget section */
		9AEF60F21E5F42D90067FA90 /* Buy */ = {
			isa = PBXNativeTarget;
			buildConfigurationList = 9AEF60FB1E5F42D90067FA90 /* Build configuration list for PBXNativeTarget "Buy" */;
			buildPhases = (
				9AEF60EE1E5F42D90067FA90 /* Sources */,
				9AEF60EF1E5F42D90067FA90 /* Frameworks */,
				9AEF60F01E5F42D90067FA90 /* Headers */,
				9AEF60F11E5F42D90067FA90 /* Resources */,
			);
			buildRules = (
			);
			dependencies = (
			);
			name = Buy;
			productName = Buy;
			productReference = 9AEF60F31E5F42D90067FA90 /* Buy.framework */;
			productType = "com.apple.product-type.framework";
		};
		9AFA38E91E64850A0056C5AA /* BuyTests */ = {
			isa = PBXNativeTarget;
			buildConfigurationList = 9AFA38F41E64850A0056C5AA /* Build configuration list for PBXNativeTarget "BuyTests" */;
			buildPhases = (
				9AFA38E61E64850A0056C5AA /* Sources */,
				9AFA38E71E64850A0056C5AA /* Frameworks */,
				9AFA38E81E64850A0056C5AA /* Resources */,
			);
			buildRules = (
			);
			dependencies = (
				9AFA38F11E64850A0056C5AA /* PBXTargetDependency */,
			);
			name = BuyTests;
			productName = BuyTests;
			productReference = 9AFA38EA1E64850A0056C5AA /* BuyTests.xctest */;
			productType = "com.apple.product-type.bundle.unit-test";
		};
/* End PBXNativeTarget section */

/* Begin PBXProject section */
		9AEF60EA1E5F42D90067FA90 /* Project object */ = {
			isa = PBXProject;
			attributes = {
				LastSwiftUpdateCheck = 0820;
				LastUpgradeCheck = 0820;
				ORGANIZATIONNAME = "Shopify Inc.";
				TargetAttributes = {
					9AEF60F21E5F42D90067FA90 = {
						CreatedOnToolsVersion = 8.2.1;
						DevelopmentTeam = A7XGC83MZE;
						ProvisioningStyle = Automatic;
					};
					9AFA38E91E64850A0056C5AA = {
						CreatedOnToolsVersion = 8.2.1;
						DevelopmentTeam = A7XGC83MZE;
						ProvisioningStyle = Automatic;
					};
				};
			};
			buildConfigurationList = 9AEF60ED1E5F42D90067FA90 /* Build configuration list for PBXProject "Buy" */;
			compatibilityVersion = "Xcode 3.2";
			developmentRegion = English;
			hasScannedForEncodings = 0;
			knownRegions = (
				en,
			);
			mainGroup = 9AEF60E91E5F42D90067FA90;
			productRefGroup = 9AEF60F41E5F42D90067FA90 /* Products */;
			projectDirPath = "";
			projectRoot = "";
			targets = (
				9AEF60F21E5F42D90067FA90 /* Buy */,
				9AFA38E91E64850A0056C5AA /* BuyTests */,
			);
		};
/* End PBXProject section */

/* Begin PBXResourcesBuildPhase section */
		9AEF60F11E5F42D90067FA90 /* Resources */ = {
			isa = PBXResourcesBuildPhase;
			buildActionMask = 2147483647;
			files = (
			);
			runOnlyForDeploymentPostprocessing = 0;
		};
		9AFA38E81E64850A0056C5AA /* Resources */ = {
			isa = PBXResourcesBuildPhase;
			buildActionMask = 2147483647;
			files = (
			);
			runOnlyForDeploymentPostprocessing = 0;
		};
/* End PBXResourcesBuildPhase section */

/* Begin PBXSourcesBuildPhase section */
		9AEF60EE1E5F42D90067FA90 /* Sources */ = {
			isa = PBXSourcesBuildPhase;
			buildActionMask = 2147483647;
			files = (
				9A4068911E8AE613000254CD /* CustomerAddressDeleteInput.swift in Sources */,
				9A4068B81E8AE613000254CD /* ProductSortKeys.swift in Sources */,
				9A4068791E8AE613000254CD /* CheckoutCreatePayload.swift in Sources */,
				9A4068BB1E8AE613000254CD /* ProductVariantEdge.swift in Sources */,
				9A4068C21E8AE613000254CD /* TransactionKind.swift in Sources */,
				9A4068B21E8AE613000254CD /* PageInfo.swift in Sources */,
				9A4068A01E8AE613000254CD /* ImageEdge.swift in Sources */,
				9A4068BF1E8AE613000254CD /* Shop.swift in Sources */,
				9A4068761E8AE613000254CD /* CheckoutCompleteWithTokenizedPaymentInput.swift in Sources */,
				9A4068981E8AE613000254CD /* CustomerRecoverPayload.swift in Sources */,
				9A4068C01E8AE613000254CD /* ShopPolicy.swift in Sources */,
				9A4068C31E8AE613000254CD /* TransactionStatus.swift in Sources */,
				9A4068AE1E8AE613000254CD /* OrderDisplayFinancialStatus.swift in Sources */,
				9AFA3B6D1E6D9A5E0056C5AA /* GraphQL.swift in Sources */,
				9A4068A21E8AE613000254CD /* LineItemConnection.swift in Sources */,
				9A4068901E8AE613000254CD /* CustomerAddressCreatePayload.swift in Sources */,
				9A4068731E8AE613000254CD /* CheckoutAttributesUpdatePayload.swift in Sources */,
				9A4068B11E8AE613000254CD /* OrderSortKeys.swift in Sources */,
				9A4068B71E8AE613000254CD /* ProductOption.swift in Sources */,
				9A4068961E8AE613000254CD /* CustomerCreatePayload.swift in Sources */,
				9A4068B01E8AE613000254CD /* OrderEdge.swift in Sources */,
				9A40688C1E8AE613000254CD /* CustomerAccessTokenRenewPayload.swift in Sources */,
				9A4068751E8AE613000254CD /* CheckoutCompleteWithCreditCardPayload.swift in Sources */,
				9A4068C51E8AE613000254CD /* WeightUnit.swift in Sources */,
				9AAFAB721E60766E00864A17 /* Global.swift in Sources */,
				9A4068971E8AE613000254CD /* CustomerRecoverInput.swift in Sources */,
				9A4068B61E8AE613000254CD /* ProductEdge.swift in Sources */,
				9AEF61B91E5F64230067FA90 /* GraphClient.swift in Sources */,
				9A40688A1E8AE613000254CD /* CustomerAccessTokenDeletePayload.swift in Sources */,
				9A4068A61E8AE613000254CD /* MailingAddressConnection.swift in Sources */,
				9A4068891E8AE613000254CD /* CustomerAccessTokenDeleteInput.swift in Sources */,
				9A40686F1E8AE613000254CD /* Checkout.swift in Sources */,
				9A4068BD1E8AE613000254CD /* SelectedOption.swift in Sources */,
				9A4068C61E8AE613000254CD /* Storefront.swift in Sources */,
				9A40689D1E8AE613000254CD /* Domain.swift in Sources */,
				9A40686E1E8AE613000254CD /* AttributeInput.swift in Sources */,
				9AAFAB751E60809400864A17 /* GraphResult.swift in Sources */,
				9A4068881E8AE613000254CD /* CustomerAccessTokenCreatePayload.swift in Sources */,
				9A4068801E8AE613000254CD /* CollectionEdge.swift in Sources */,
				9A40687F1E8AE613000254CD /* CollectionConnection.swift in Sources */,
				9A4068B91E8AE613000254CD /* ProductVariant.swift in Sources */,
				9A40686D1E8AE613000254CD /* Attribute.swift in Sources */,
				9A40689F1E8AE613000254CD /* ImageConnection.swift in Sources */,
				9A4068AA1E8AE613000254CD /* Node.swift in Sources */,
				9A40688B1E8AE613000254CD /* CustomerAccessTokenRenewInput.swift in Sources */,
				9A4068A11E8AE613000254CD /* LineItem.swift in Sources */,
				9A4068871E8AE613000254CD /* CustomerAccessTokenCreateInput.swift in Sources */,
				9A40687C1E8AE613000254CD /* CheckoutShippingLineUpdateInput.swift in Sources */,
				9A4068A81E8AE613000254CD /* MailingAddressInput.swift in Sources */,
				9A40688F1E8AE613000254CD /* CustomerAddressCreateInput.swift in Sources */,
				9A4068701E8AE613000254CD /* CheckoutAddLineItemsInput.swift in Sources */,
				9A4068941E8AE613000254CD /* CustomerAddressUpdatePayload.swift in Sources */,
				9A4068711E8AE613000254CD /* CheckoutAddLineItemsPayload.swift in Sources */,
				9A4068821E8AE613000254CD /* CreditCard.swift in Sources */,
				9A4068951E8AE613000254CD /* CustomerCreateInput.swift in Sources */,
				9A4068BC1E8AE613000254CD /* QueryRoot.swift in Sources */,
				9A4068A31E8AE613000254CD /* LineItemEdge.swift in Sources */,
				9A4068C41E8AE613000254CD /* UserError.swift in Sources */,
				9A4068AC1E8AE613000254CD /* OrderCancelReason.swift in Sources */,
				9A40688D1E8AE613000254CD /* CustomerActivateInput.swift in Sources */,
				9A4068A51E8AE613000254CD /* MailingAddress.swift in Sources */,
				9A4068811E8AE613000254CD /* CollectionSortKeys.swift in Sources */,
				9A4068851E8AE613000254CD /* Customer.swift in Sources */,
				9A4068991E8AE613000254CD /* CustomerResetInput.swift in Sources */,
				9A40687B1E8AE613000254CD /* CheckoutShippingAddressUpdatePayload.swift in Sources */,
				9A40687E1E8AE613000254CD /* Collection.swift in Sources */,
				9A40687D1E8AE613000254CD /* CheckoutShippingLineUpdatePayload.swift in Sources */,
				9A4068931E8AE613000254CD /* CustomerAddressUpdateInput.swift in Sources */,
				9A4068771E8AE613000254CD /* CheckoutCompleteWithTokenizedPaymentPayload.swift in Sources */,
				9A40689B1E8AE613000254CD /* CustomerUpdateInput.swift in Sources */,
				9A40689C1E8AE613000254CD /* CustomerUpdatePayload.swift in Sources */,
				9A4068741E8AE613000254CD /* CheckoutCompleteWithCreditCardInput.swift in Sources */,
				9A4068B31E8AE613000254CD /* Payment.swift in Sources */,
				9A4068BA1E8AE613000254CD /* ProductVariantConnection.swift in Sources */,
				9A4068BE1E8AE613000254CD /* ShippingRate.swift in Sources */,
				9A4068C11E8AE613000254CD /* Transaction.swift in Sources */,
				9A4068831E8AE613000254CD /* CropRegion.swift in Sources */,
				9A4068861E8AE613000254CD /* CustomerAccessToken.swift in Sources */,
				9A4068A41E8AE613000254CD /* LineItemInput.swift in Sources */,
				9AAFAB771E6080A500864A17 /* GraphError.swift in Sources */,
				9A40689A1E8AE613000254CD /* CustomerResetPayload.swift in Sources */,
				9A40687A1E8AE613000254CD /* CheckoutShippingAddressUpdateInput.swift in Sources */,
				9A40689E1E8AE613000254CD /* Image.swift in Sources */,
				9A4068B51E8AE613000254CD /* ProductConnection.swift in Sources */,
				9A4068AF1E8AE613000254CD /* OrderDisplayFulfillmentStatus.swift in Sources */,
				9A4068721E8AE613000254CD /* CheckoutAttributesUpdateInput.swift in Sources */,
				9A4068841E8AE613000254CD /* CurrencyCode.swift in Sources */,
				9A40688E1E8AE613000254CD /* CustomerActivatePayload.swift in Sources */,
				9A4068781E8AE613000254CD /* CheckoutCreateInput.swift in Sources */,
				9A4068921E8AE613000254CD /* CustomerAddressDeletePayload.swift in Sources */,
				9AEF61A11E5F5A190067FA90 /* GraphQL+ScalarSupport.swift in Sources */,
				9A4068AB1E8AE613000254CD /* Order.swift in Sources */,
				9A4068AD1E8AE613000254CD /* OrderConnection.swift in Sources */,
				9A4068A71E8AE613000254CD /* MailingAddressEdge.swift in Sources */,
				9A4068A91E8AE613000254CD /* Mutation.swift in Sources */,
				9A4068B41E8AE613000254CD /* Product.swift in Sources */,
			);
			runOnlyForDeploymentPostprocessing = 0;
		};
		9AFA38E61E64850A0056C5AA /* Sources */ = {
			isa = PBXSourcesBuildPhase;
			buildActionMask = 2147483647;
			files = (
				9AFA38ED1E64850A0056C5AA /* BuyTests.swift in Sources */,
			);
			runOnlyForDeploymentPostprocessing = 0;
		};
/* End PBXSourcesBuildPhase section */

/* Begin PBXTargetDependency section */
		9AFA38F11E64850A0056C5AA /* PBXTargetDependency */ = {
			isa = PBXTargetDependency;
			target = 9AEF60F21E5F42D90067FA90 /* Buy */;
			targetProxy = 9AFA38F01E64850A0056C5AA /* PBXContainerItemProxy */;
		};
/* End PBXTargetDependency section */

/* Begin XCBuildConfiguration section */
		9AEF60F91E5F42D90067FA90 /* Debug */ = {
			isa = XCBuildConfiguration;
			buildSettings = {
				ALWAYS_SEARCH_USER_PATHS = NO;
				CLANG_ANALYZER_NONNULL = YES;
				CLANG_CXX_LANGUAGE_STANDARD = "gnu++0x";
				CLANG_CXX_LIBRARY = "libc++";
				CLANG_ENABLE_MODULES = YES;
				CLANG_ENABLE_OBJC_ARC = YES;
				CLANG_WARN_BOOL_CONVERSION = YES;
				CLANG_WARN_CONSTANT_CONVERSION = YES;
				CLANG_WARN_DIRECT_OBJC_ISA_USAGE = YES_ERROR;
				CLANG_WARN_DOCUMENTATION_COMMENTS = YES;
				CLANG_WARN_EMPTY_BODY = YES;
				CLANG_WARN_ENUM_CONVERSION = YES;
				CLANG_WARN_INFINITE_RECURSION = YES;
				CLANG_WARN_INT_CONVERSION = YES;
				CLANG_WARN_OBJC_ROOT_CLASS = YES_ERROR;
				CLANG_WARN_SUSPICIOUS_MOVE = YES;
				CLANG_WARN_UNREACHABLE_CODE = YES;
				CLANG_WARN__DUPLICATE_METHOD_MATCH = YES;
				"CODE_SIGN_IDENTITY[sdk=iphoneos*]" = "iPhone Developer";
				COPY_PHASE_STRIP = NO;
				CURRENT_PROJECT_VERSION = 1;
				DEBUG_INFORMATION_FORMAT = dwarf;
				ENABLE_STRICT_OBJC_MSGSEND = YES;
				ENABLE_TESTABILITY = YES;
				GCC_C_LANGUAGE_STANDARD = gnu99;
				GCC_DYNAMIC_NO_PIC = NO;
				GCC_NO_COMMON_BLOCKS = YES;
				GCC_OPTIMIZATION_LEVEL = 0;
				GCC_PREPROCESSOR_DEFINITIONS = (
					"DEBUG=1",
					"$(inherited)",
				);
				GCC_WARN_64_TO_32_BIT_CONVERSION = YES;
				GCC_WARN_ABOUT_RETURN_TYPE = YES_ERROR;
				GCC_WARN_UNDECLARED_SELECTOR = YES;
				GCC_WARN_UNINITIALIZED_AUTOS = YES_AGGRESSIVE;
				GCC_WARN_UNUSED_FUNCTION = YES;
				GCC_WARN_UNUSED_VARIABLE = YES;
				IPHONEOS_DEPLOYMENT_TARGET = 10.2;
				MTL_ENABLE_DEBUG_INFO = YES;
				ONLY_ACTIVE_ARCH = YES;
				SDKROOT = iphoneos;
				SWIFT_ACTIVE_COMPILATION_CONDITIONS = DEBUG;
				SWIFT_OPTIMIZATION_LEVEL = "-Onone";
				TARGETED_DEVICE_FAMILY = "1,2";
				VERSIONING_SYSTEM = "apple-generic";
				VERSION_INFO_PREFIX = "";
			};
			name = Debug;
		};
		9AEF60FA1E5F42D90067FA90 /* Release */ = {
			isa = XCBuildConfiguration;
			buildSettings = {
				ALWAYS_SEARCH_USER_PATHS = NO;
				CLANG_ANALYZER_NONNULL = YES;
				CLANG_CXX_LANGUAGE_STANDARD = "gnu++0x";
				CLANG_CXX_LIBRARY = "libc++";
				CLANG_ENABLE_MODULES = YES;
				CLANG_ENABLE_OBJC_ARC = YES;
				CLANG_WARN_BOOL_CONVERSION = YES;
				CLANG_WARN_CONSTANT_CONVERSION = YES;
				CLANG_WARN_DIRECT_OBJC_ISA_USAGE = YES_ERROR;
				CLANG_WARN_DOCUMENTATION_COMMENTS = YES;
				CLANG_WARN_EMPTY_BODY = YES;
				CLANG_WARN_ENUM_CONVERSION = YES;
				CLANG_WARN_INFINITE_RECURSION = YES;
				CLANG_WARN_INT_CONVERSION = YES;
				CLANG_WARN_OBJC_ROOT_CLASS = YES_ERROR;
				CLANG_WARN_SUSPICIOUS_MOVE = YES;
				CLANG_WARN_UNREACHABLE_CODE = YES;
				CLANG_WARN__DUPLICATE_METHOD_MATCH = YES;
				"CODE_SIGN_IDENTITY[sdk=iphoneos*]" = "iPhone Developer";
				COPY_PHASE_STRIP = NO;
				CURRENT_PROJECT_VERSION = 1;
				DEBUG_INFORMATION_FORMAT = "dwarf-with-dsym";
				ENABLE_NS_ASSERTIONS = NO;
				ENABLE_STRICT_OBJC_MSGSEND = YES;
				GCC_C_LANGUAGE_STANDARD = gnu99;
				GCC_NO_COMMON_BLOCKS = YES;
				GCC_WARN_64_TO_32_BIT_CONVERSION = YES;
				GCC_WARN_ABOUT_RETURN_TYPE = YES_ERROR;
				GCC_WARN_UNDECLARED_SELECTOR = YES;
				GCC_WARN_UNINITIALIZED_AUTOS = YES_AGGRESSIVE;
				GCC_WARN_UNUSED_FUNCTION = YES;
				GCC_WARN_UNUSED_VARIABLE = YES;
				IPHONEOS_DEPLOYMENT_TARGET = 10.2;
				MTL_ENABLE_DEBUG_INFO = NO;
				SDKROOT = iphoneos;
				SWIFT_OPTIMIZATION_LEVEL = "-Owholemodule";
				TARGETED_DEVICE_FAMILY = "1,2";
				VALIDATE_PRODUCT = YES;
				VERSIONING_SYSTEM = "apple-generic";
				VERSION_INFO_PREFIX = "";
			};
			name = Release;
		};
		9AEF60FC1E5F42D90067FA90 /* Debug */ = {
			isa = XCBuildConfiguration;
			buildSettings = {
				CODE_SIGN_IDENTITY = "";
				CURRENT_PROJECT_VERSION = 3.0.0;
				DEFINES_MODULE = YES;
				DEVELOPMENT_TEAM = A7XGC83MZE;
				DYLIB_COMPATIBILITY_VERSION = 1;
				DYLIB_CURRENT_VERSION = 3.0.0;
				DYLIB_INSTALL_NAME_BASE = "@rpath";
				INFOPLIST_FILE = Buy/Info.plist;
				INSTALL_PATH = "$(LOCAL_LIBRARY_DIR)/Frameworks";
				LD_RUNPATH_SEARCH_PATHS = "$(inherited) @executable_path/Frameworks @loader_path/Frameworks";
				PRODUCT_BUNDLE_IDENTIFIER = com.shopify.Buy;
				PRODUCT_NAME = "$(TARGET_NAME)";
				SKIP_INSTALL = YES;
				SWIFT_VERSION = 3.0;
			};
			name = Debug;
		};
		9AEF60FD1E5F42D90067FA90 /* Release */ = {
			isa = XCBuildConfiguration;
			buildSettings = {
				CODE_SIGN_IDENTITY = "";
				CURRENT_PROJECT_VERSION = 3.0.0;
				DEFINES_MODULE = YES;
				DEVELOPMENT_TEAM = A7XGC83MZE;
				DYLIB_COMPATIBILITY_VERSION = 1;
				DYLIB_CURRENT_VERSION = 3.0.0;
				DYLIB_INSTALL_NAME_BASE = "@rpath";
				INFOPLIST_FILE = Buy/Info.plist;
				INSTALL_PATH = "$(LOCAL_LIBRARY_DIR)/Frameworks";
				LD_RUNPATH_SEARCH_PATHS = "$(inherited) @executable_path/Frameworks @loader_path/Frameworks";
				PRODUCT_BUNDLE_IDENTIFIER = com.shopify.Buy;
				PRODUCT_NAME = "$(TARGET_NAME)";
				SKIP_INSTALL = YES;
				SWIFT_VERSION = 3.0;
			};
			name = Release;
		};
		9AFA38F21E64850A0056C5AA /* Debug */ = {
			isa = XCBuildConfiguration;
			buildSettings = {
				DEVELOPMENT_TEAM = A7XGC83MZE;
				INFOPLIST_FILE = BuyTests/Info.plist;
				LD_RUNPATH_SEARCH_PATHS = "$(inherited) @executable_path/Frameworks @loader_path/Frameworks";
				PRODUCT_BUNDLE_IDENTIFIER = com.shopify.BuyTests;
				PRODUCT_NAME = "$(TARGET_NAME)";
				SWIFT_VERSION = 3.0;
			};
			name = Debug;
		};
		9AFA38F31E64850A0056C5AA /* Release */ = {
			isa = XCBuildConfiguration;
			buildSettings = {
				DEVELOPMENT_TEAM = A7XGC83MZE;
				INFOPLIST_FILE = BuyTests/Info.plist;
				LD_RUNPATH_SEARCH_PATHS = "$(inherited) @executable_path/Frameworks @loader_path/Frameworks";
				PRODUCT_BUNDLE_IDENTIFIER = com.shopify.BuyTests;
				PRODUCT_NAME = "$(TARGET_NAME)";
				SWIFT_VERSION = 3.0;
			};
			name = Release;
		};
/* End XCBuildConfiguration section */

/* Begin XCConfigurationList section */
		9AEF60ED1E5F42D90067FA90 /* Build configuration list for PBXProject "Buy" */ = {
			isa = XCConfigurationList;
			buildConfigurations = (
				9AEF60F91E5F42D90067FA90 /* Debug */,
				9AEF60FA1E5F42D90067FA90 /* Release */,
			);
			defaultConfigurationIsVisible = 0;
			defaultConfigurationName = Release;
		};
		9AEF60FB1E5F42D90067FA90 /* Build configuration list for PBXNativeTarget "Buy" */ = {
			isa = XCConfigurationList;
			buildConfigurations = (
				9AEF60FC1E5F42D90067FA90 /* Debug */,
				9AEF60FD1E5F42D90067FA90 /* Release */,
			);
			defaultConfigurationIsVisible = 0;
			defaultConfigurationName = Release;
		};
		9AFA38F41E64850A0056C5AA /* Build configuration list for PBXNativeTarget "BuyTests" */ = {
			isa = XCConfigurationList;
			buildConfigurations = (
				9AFA38F21E64850A0056C5AA /* Debug */,
				9AFA38F31E64850A0056C5AA /* Release */,
			);
			defaultConfigurationIsVisible = 0;
			defaultConfigurationName = Release;
		};
/* End XCConfigurationList section */
	};
	rootObject = 9AEF60EA1E5F42D90067FA90 /* Project object */;
}
