// !$*UTF8*$!
{
	archiveVersion = 1;
	classes = {
	};
	objectVersion = 46;
	objects = {

/* Begin PBXBuildFile section */
		F773748C19C77BD20039681C /* MERCollection.m in Sources */ = {isa = PBXBuildFile; fileRef = F773747B19C77BD20039681C /* MERCollection.m */; };
		F773748D19C77BD20039681C /* MERImage.m in Sources */ = {isa = PBXBuildFile; fileRef = F773747D19C77BD20039681C /* MERImage.m */; };
		F773748E19C77BD20039681C /* MERObject.m in Sources */ = {isa = PBXBuildFile; fileRef = F773747F19C77BD20039681C /* MERObject.m */; };
		F773748F19C77BD20039681C /* MEROption.m in Sources */ = {isa = PBXBuildFile; fileRef = F773748119C77BD20039681C /* MEROption.m */; };
		F773749119C77BD20039681C /* MERProduct.m in Sources */ = {isa = PBXBuildFile; fileRef = F773748519C77BD20039681C /* MERProduct.m */; };
		F773749219C77BD20039681C /* MERProductVariant.m in Sources */ = {isa = PBXBuildFile; fileRef = F773748719C77BD20039681C /* MERProductVariant.m */; };
		F773749319C77BD20039681C /* MERShop.m in Sources */ = {isa = PBXBuildFile; fileRef = F773748919C77BD20039681C /* MERShop.m */; };
		F773749919C77D230039681C /* MERDataProvider.m in Sources */ = {isa = PBXBuildFile; fileRef = F773749819C77D230039681C /* MERDataProvider.m */; };
/* End PBXBuildFile section */

/* Begin PBXCopyFilesBuildPhase section */
		F773745219C77B160039681C /* CopyFiles */ = {
			isa = PBXCopyFilesBuildPhase;
			buildActionMask = 2147483647;
			dstPath = "include/$(PRODUCT_NAME)";
			dstSubfolderSpec = 16;
			files = (
			);
			runOnlyForDeploymentPostprocessing = 0;
		};
/* End PBXCopyFilesBuildPhase section */

/* Begin PBXFileReference section */
		F773745419C77B160039681C /* libStorefront.a */ = {isa = PBXFileReference; explicitFileType = archive.ar; includeInIndex = 0; path = libStorefront.a; sourceTree = BUILT_PRODUCTS_DIR; };
		F773745F19C77B160039681C /* StorefrontTests.xctest */ = {isa = PBXFileReference; explicitFileType = wrapper.cfbundle; includeInIndex = 0; path = StorefrontTests.xctest; sourceTree = BUILT_PRODUCTS_DIR; };
		F773746219C77B160039681C /* Info.plist */ = {isa = PBXFileReference; lastKnownFileType = text.plist.xml; path = Info.plist; sourceTree = "<group>"; };
		F773747A19C77BD20039681C /* MERCollection.h */ = {isa = PBXFileReference; fileEncoding = 4; lastKnownFileType = sourcecode.c.h; path = MERCollection.h; sourceTree = "<group>"; };
		F773747B19C77BD20039681C /* MERCollection.m */ = {isa = PBXFileReference; fileEncoding = 4; lastKnownFileType = sourcecode.c.objc; path = MERCollection.m; sourceTree = "<group>"; };
		F773747C19C77BD20039681C /* MERImage.h */ = {isa = PBXFileReference; fileEncoding = 4; lastKnownFileType = sourcecode.c.h; path = MERImage.h; sourceTree = "<group>"; };
		F773747D19C77BD20039681C /* MERImage.m */ = {isa = PBXFileReference; fileEncoding = 4; lastKnownFileType = sourcecode.c.objc; path = MERImage.m; sourceTree = "<group>"; };
		F773747E19C77BD20039681C /* MERObject.h */ = {isa = PBXFileReference; fileEncoding = 4; lastKnownFileType = sourcecode.c.h; path = MERObject.h; sourceTree = "<group>"; };
		F773747F19C77BD20039681C /* MERObject.m */ = {isa = PBXFileReference; fileEncoding = 4; lastKnownFileType = sourcecode.c.objc; path = MERObject.m; sourceTree = "<group>"; };
		F773748019C77BD20039681C /* MEROption.h */ = {isa = PBXFileReference; fileEncoding = 4; lastKnownFileType = sourcecode.c.h; path = MEROption.h; sourceTree = "<group>"; };
		F773748119C77BD20039681C /* MEROption.m */ = {isa = PBXFileReference; fileEncoding = 4; lastKnownFileType = sourcecode.c.objc; path = MEROption.m; sourceTree = "<group>"; };
		F773748419C77BD20039681C /* MERProduct.h */ = {isa = PBXFileReference; fileEncoding = 4; lastKnownFileType = sourcecode.c.h; path = MERProduct.h; sourceTree = "<group>"; };
		F773748519C77BD20039681C /* MERProduct.m */ = {isa = PBXFileReference; fileEncoding = 4; lastKnownFileType = sourcecode.c.objc; path = MERProduct.m; sourceTree = "<group>"; };
		F773748619C77BD20039681C /* MERProductVariant.h */ = {isa = PBXFileReference; fileEncoding = 4; lastKnownFileType = sourcecode.c.h; path = MERProductVariant.h; sourceTree = "<group>"; };
		F773748719C77BD20039681C /* MERProductVariant.m */ = {isa = PBXFileReference; fileEncoding = 4; lastKnownFileType = sourcecode.c.objc; path = MERProductVariant.m; sourceTree = "<group>"; };
		F773748819C77BD20039681C /* MERShop.h */ = {isa = PBXFileReference; fileEncoding = 4; lastKnownFileType = sourcecode.c.h; path = MERShop.h; sourceTree = "<group>"; };
		F773748919C77BD20039681C /* MERShop.m */ = {isa = PBXFileReference; fileEncoding = 4; lastKnownFileType = sourcecode.c.objc; path = MERShop.m; sourceTree = "<group>"; };
		F773749719C77D230039681C /* MERDataProvider.h */ = {isa = PBXFileReference; fileEncoding = 4; lastKnownFileType = sourcecode.c.h; path = MERDataProvider.h; sourceTree = "<group>"; };
		F773749819C77D230039681C /* MERDataProvider.m */ = {isa = PBXFileReference; fileEncoding = 4; lastKnownFileType = sourcecode.c.objc; path = MERDataProvider.m; sourceTree = "<group>"; };
/* End PBXFileReference section */

/* Begin PBXFrameworksBuildPhase section */
		F773745119C77B160039681C /* Frameworks */ = {
			isa = PBXFrameworksBuildPhase;
			buildActionMask = 2147483647;
			files = (
			);
			runOnlyForDeploymentPostprocessing = 0;
		};
		F773745C19C77B160039681C /* Frameworks */ = {
			isa = PBXFrameworksBuildPhase;
			buildActionMask = 2147483647;
			files = (
			);
			runOnlyForDeploymentPostprocessing = 0;
		};
/* End PBXFrameworksBuildPhase section */

/* Begin PBXGroup section */
		F773744B19C77B160039681C = {
			isa = PBXGroup;
			children = (
				F773745619C77B160039681C /* Storefront */,
				F773746019C77B160039681C /* StorefrontTests */,
				F773745519C77B160039681C /* Products */,
			);
			sourceTree = "<group>";
		};
		F773745519C77B160039681C /* Products */ = {
			isa = PBXGroup;
			children = (
				F773745419C77B160039681C /* libStorefront.a */,
				F773745F19C77B160039681C /* StorefrontTests.xctest */,
			);
			name = Products;
			sourceTree = "<group>";
		};
		F773745619C77B160039681C /* Storefront */ = {
			isa = PBXGroup;
			children = (
				F773747419C77BAA0039681C /* Data */,
				F773747519C77BAA0039681C /* Models */,
			);
			path = Storefront;
			sourceTree = "<group>";
		};
		F773746019C77B160039681C /* StorefrontTests */ = {
			isa = PBXGroup;
			children = (
				F773746119C77B160039681C /* Supporting Files */,
			);
			path = StorefrontTests;
			sourceTree = "<group>";
		};
		F773746119C77B160039681C /* Supporting Files */ = {
			isa = PBXGroup;
			children = (
				F773746219C77B160039681C /* Info.plist */,
			);
			name = "Supporting Files";
			sourceTree = "<group>";
		};
		F773747419C77BAA0039681C /* Data */ = {
			isa = PBXGroup;
			children = (
				F773749719C77D230039681C /* MERDataProvider.h */,
				F773749819C77D230039681C /* MERDataProvider.m */,
			);
			path = Data;
			sourceTree = "<group>";
		};
		F773747519C77BAA0039681C /* Models */ = {
			isa = PBXGroup;
			children = (
				F773747A19C77BD20039681C /* MERCollection.h */,
				F773747B19C77BD20039681C /* MERCollection.m */,
				F773747C19C77BD20039681C /* MERImage.h */,
				F773747D19C77BD20039681C /* MERImage.m */,
				F773747E19C77BD20039681C /* MERObject.h */,
				F773747F19C77BD20039681C /* MERObject.m */,
				F773748019C77BD20039681C /* MEROption.h */,
				F773748119C77BD20039681C /* MEROption.m */,
				F773748419C77BD20039681C /* MERProduct.h */,
				F773748519C77BD20039681C /* MERProduct.m */,
				F773748619C77BD20039681C /* MERProductVariant.h */,
				F773748719C77BD20039681C /* MERProductVariant.m */,
				F773748819C77BD20039681C /* MERShop.h */,
				F773748919C77BD20039681C /* MERShop.m */,
			);
			path = Models;
			sourceTree = "<group>";
		};
/* End PBXGroup section */

/* Begin PBXNativeTarget section */
		F773745319C77B160039681C /* Storefront */ = {
			isa = PBXNativeTarget;
			buildConfigurationList = F773746519C77B160039681C /* Build configuration list for PBXNativeTarget "Storefront" */;
			buildPhases = (
				F773745019C77B160039681C /* Sources */,
				F773745119C77B160039681C /* Frameworks */,
				F773745219C77B160039681C /* CopyFiles */,
			);
			buildRules = (
			);
			dependencies = (
			);
			name = Storefront;
			productName = Storefront;
			productReference = F773745419C77B160039681C /* libStorefront.a */;
			productType = "com.apple.product-type.library.static";
		};
		F773745E19C77B160039681C /* StorefrontTests */ = {
			isa = PBXNativeTarget;
			buildConfigurationList = F773746819C77B160039681C /* Build configuration list for PBXNativeTarget "StorefrontTests" */;
			buildPhases = (
				F773745B19C77B160039681C /* Sources */,
				F773745C19C77B160039681C /* Frameworks */,
				F773745D19C77B160039681C /* Resources */,
			);
			buildRules = (
			);
			dependencies = (
			);
			name = StorefrontTests;
			productName = StorefrontTests;
			productReference = F773745F19C77B160039681C /* StorefrontTests.xctest */;
			productType = "com.apple.product-type.bundle.unit-test";
		};
/* End PBXNativeTarget section */

/* Begin PBXProject section */
		F773744C19C77B160039681C /* Project object */ = {
			isa = PBXProject;
			attributes = {
				CLASSPREFIX = MER;
				LastUpgradeCheck = 0600;
				ORGANIZATIONNAME = "Shopify Inc.";
				TargetAttributes = {
					F773745319C77B160039681C = {
						CreatedOnToolsVersion = 6.0;
					};
					F773745E19C77B160039681C = {
						CreatedOnToolsVersion = 6.0;
					};
				};
			};
			buildConfigurationList = F773744F19C77B160039681C /* Build configuration list for PBXProject "Storefront" */;
			compatibilityVersion = "Xcode 3.2";
			developmentRegion = English;
			hasScannedForEncodings = 0;
			knownRegions = (
				en,
			);
			mainGroup = F773744B19C77B160039681C;
			productRefGroup = F773745519C77B160039681C /* Products */;
			projectDirPath = "";
			projectRoot = "";
			targets = (
				F773745319C77B160039681C /* Storefront */,
				F773745E19C77B160039681C /* StorefrontTests */,
			);
		};
/* End PBXProject section */

/* Begin PBXResourcesBuildPhase section */
		F773745D19C77B160039681C /* Resources */ = {
			isa = PBXResourcesBuildPhase;
			buildActionMask = 2147483647;
			files = (
			);
			runOnlyForDeploymentPostprocessing = 0;
		};
/* End PBXResourcesBuildPhase section */

/* Begin PBXSourcesBuildPhase section */
		F773745019C77B160039681C /* Sources */ = {
			isa = PBXSourcesBuildPhase;
			buildActionMask = 2147483647;
			files = (
				F773748D19C77BD20039681C /* MERImage.m in Sources */,
				F773748F19C77BD20039681C /* MEROption.m in Sources */,
				F773748E19C77BD20039681C /* MERObject.m in Sources */,
				F773749119C77BD20039681C /* MERProduct.m in Sources */,
				F773748C19C77BD20039681C /* MERCollection.m in Sources */,
				F773749919C77D230039681C /* MERDataProvider.m in Sources */,
				F773749319C77BD20039681C /* MERShop.m in Sources */,
				F773749219C77BD20039681C /* MERProductVariant.m in Sources */,
			);
			runOnlyForDeploymentPostprocessing = 0;
		};
		F773745B19C77B160039681C /* Sources */ = {
			isa = PBXSourcesBuildPhase;
			buildActionMask = 2147483647;
			files = (
			);
			runOnlyForDeploymentPostprocessing = 0;
		};
/* End PBXSourcesBuildPhase section */

/* Begin XCBuildConfiguration section */
		F773746319C77B160039681C /* Debug */ = {
			isa = XCBuildConfiguration;
			buildSettings = {
				ALWAYS_SEARCH_USER_PATHS = NO;
				CLANG_CXX_LANGUAGE_STANDARD = "gnu++0x";
				CLANG_CXX_LIBRARY = "libc++";
				CLANG_ENABLE_MODULES = YES;
				CLANG_ENABLE_OBJC_ARC = YES;
				CLANG_WARN_BOOL_CONVERSION = YES;
				CLANG_WARN_CONSTANT_CONVERSION = YES;
				CLANG_WARN_DIRECT_OBJC_ISA_USAGE = YES_ERROR;
				CLANG_WARN_EMPTY_BODY = YES;
				CLANG_WARN_ENUM_CONVERSION = YES;
				CLANG_WARN_INT_CONVERSION = YES;
				CLANG_WARN_OBJC_ROOT_CLASS = YES_ERROR;
				CLANG_WARN_UNREACHABLE_CODE = YES;
				CLANG_WARN__DUPLICATE_METHOD_MATCH = YES;
				COPY_PHASE_STRIP = NO;
				ENABLE_STRICT_OBJC_MSGSEND = YES;
				GCC_C_LANGUAGE_STANDARD = gnu99;
				GCC_DYNAMIC_NO_PIC = NO;
				GCC_OPTIMIZATION_LEVEL = 0;
				GCC_PREPROCESSOR_DEFINITIONS = (
					"DEBUG=1",
					"$(inherited)",
				);
				GCC_SYMBOLS_PRIVATE_EXTERN = NO;
				GCC_WARN_64_TO_32_BIT_CONVERSION = YES;
				GCC_WARN_ABOUT_RETURN_TYPE = YES_ERROR;
				GCC_WARN_UNDECLARED_SELECTOR = YES;
				GCC_WARN_UNINITIALIZED_AUTOS = YES_AGGRESSIVE;
				GCC_WARN_UNUSED_FUNCTION = YES;
				GCC_WARN_UNUSED_VARIABLE = YES;
				IPHONEOS_DEPLOYMENT_TARGET = 8.0;
				MTL_ENABLE_DEBUG_INFO = YES;
				ONLY_ACTIVE_ARCH = YES;
				SDKROOT = iphoneos;
			};
			name = Debug;
		};
		F773746419C77B160039681C /* Release */ = {
			isa = XCBuildConfiguration;
			buildSettings = {
				ALWAYS_SEARCH_USER_PATHS = NO;
				CLANG_CXX_LANGUAGE_STANDARD = "gnu++0x";
				CLANG_CXX_LIBRARY = "libc++";
				CLANG_ENABLE_MODULES = YES;
				CLANG_ENABLE_OBJC_ARC = YES;
				CLANG_WARN_BOOL_CONVERSION = YES;
				CLANG_WARN_CONSTANT_CONVERSION = YES;
				CLANG_WARN_DIRECT_OBJC_ISA_USAGE = YES_ERROR;
				CLANG_WARN_EMPTY_BODY = YES;
				CLANG_WARN_ENUM_CONVERSION = YES;
				CLANG_WARN_INT_CONVERSION = YES;
				CLANG_WARN_OBJC_ROOT_CLASS = YES_ERROR;
				CLANG_WARN_UNREACHABLE_CODE = YES;
				CLANG_WARN__DUPLICATE_METHOD_MATCH = YES;
				COPY_PHASE_STRIP = YES;
				ENABLE_NS_ASSERTIONS = NO;
				ENABLE_STRICT_OBJC_MSGSEND = YES;
				GCC_C_LANGUAGE_STANDARD = gnu99;
				GCC_WARN_64_TO_32_BIT_CONVERSION = YES;
				GCC_WARN_ABOUT_RETURN_TYPE = YES_ERROR;
				GCC_WARN_UNDECLARED_SELECTOR = YES;
				GCC_WARN_UNINITIALIZED_AUTOS = YES_AGGRESSIVE;
				GCC_WARN_UNUSED_FUNCTION = YES;
				GCC_WARN_UNUSED_VARIABLE = YES;
				IPHONEOS_DEPLOYMENT_TARGET = 8.0;
				MTL_ENABLE_DEBUG_INFO = NO;
				SDKROOT = iphoneos;
				VALIDATE_PRODUCT = YES;
			};
			name = Release;
		};
		F773746619C77B160039681C /* Debug */ = {
			isa = XCBuildConfiguration;
			buildSettings = {
				OTHER_LDFLAGS = "-ObjC";
				PRODUCT_NAME = "$(TARGET_NAME)";
				SKIP_INSTALL = YES;
			};
			name = Debug;
		};
		F773746719C77B160039681C /* Release */ = {
			isa = XCBuildConfiguration;
			buildSettings = {
				OTHER_LDFLAGS = "-ObjC";
				PRODUCT_NAME = "$(TARGET_NAME)";
				SKIP_INSTALL = YES;
			};
			name = Release;
		};
		F773746919C77B160039681C /* Debug */ = {
			isa = XCBuildConfiguration;
			buildSettings = {
				FRAMEWORK_SEARCH_PATHS = (
					"$(SDKROOT)/Developer/Library/Frameworks",
					"$(inherited)",
				);
				GCC_PREPROCESSOR_DEFINITIONS = (
					"DEBUG=1",
					"$(inherited)",
				);
				INFOPLIST_FILE = StorefrontTests/Info.plist;
				LD_RUNPATH_SEARCH_PATHS = "$(inherited) @executable_path/Frameworks @loader_path/Frameworks";
				PRODUCT_NAME = "$(TARGET_NAME)";
			};
			name = Debug;
		};
		F773746A19C77B160039681C /* Release */ = {
			isa = XCBuildConfiguration;
			buildSettings = {
				FRAMEWORK_SEARCH_PATHS = (
					"$(SDKROOT)/Developer/Library/Frameworks",
					"$(inherited)",
				);
				INFOPLIST_FILE = StorefrontTests/Info.plist;
				LD_RUNPATH_SEARCH_PATHS = "$(inherited) @executable_path/Frameworks @loader_path/Frameworks";
				PRODUCT_NAME = "$(TARGET_NAME)";
			};
			name = Release;
		};
/* End XCBuildConfiguration section */

/* Begin XCConfigurationList section */
		F773744F19C77B160039681C /* Build configuration list for PBXProject "Storefront" */ = {
			isa = XCConfigurationList;
			buildConfigurations = (
				F773746319C77B160039681C /* Debug */,
				F773746419C77B160039681C /* Release */,
			);
			defaultConfigurationIsVisible = 0;
			defaultConfigurationName = Release;
		};
		F773746519C77B160039681C /* Build configuration list for PBXNativeTarget "Storefront" */ = {
			isa = XCConfigurationList;
			buildConfigurations = (
				F773746619C77B160039681C /* Debug */,
				F773746719C77B160039681C /* Release */,
			);
			defaultConfigurationIsVisible = 0;
			defaultConfigurationName = Release;
		};
		F773746819C77B160039681C /* Build configuration list for PBXNativeTarget "StorefrontTests" */ = {
			isa = XCConfigurationList;
			buildConfigurations = (
				F773746919C77B160039681C /* Debug */,
				F773746A19C77B160039681C /* Release */,
			);
			defaultConfigurationIsVisible = 0;
			defaultConfigurationName = Release;
		};
/* End XCConfigurationList section */
	};
	rootObject = F773744C19C77B160039681C /* Project object */;
}
