// !$*UTF8*$!
{
	archiveVersion = 1;
	classes = {
	};
	objectVersion = 46;
	objects = {

/* Begin PBXBuildFile section */
		BE3437BB1BC5C22C00C71330 /* Buy.framework in Frameworks */ = {isa = PBXBuildFile; fileRef = BE3437B81BC5C20700C71330 /* Buy.framework */; };
		BE3437BC1BC5C22C00C71330 /* Buy.framework in Embed Frameworks */ = {isa = PBXBuildFile; fileRef = BE3437B81BC5C20700C71330 /* Buy.framework */; settings = {ATTRIBUTES = (CodeSignOnCopy, RemoveHeadersOnCopy, ); }; };
		BE9A637A1B5007AA0033E558 /* AppDelegate.swift in Sources */ = {isa = PBXBuildFile; fileRef = BE9A63791B5007AA0033E558 /* AppDelegate.swift */; };
		BE9A637C1B5007AA0033E558 /* ViewController.swift in Sources */ = {isa = PBXBuildFile; fileRef = BE9A637B1B5007AA0033E558 /* ViewController.swift */; };
		BE9A637F1B5007AA0033E558 /* Main.storyboard in Resources */ = {isa = PBXBuildFile; fileRef = BE9A637D1B5007AA0033E558 /* Main.storyboard */; };
		BE9A63811B5007AA0033E558 /* Images.xcassets in Resources */ = {isa = PBXBuildFile; fileRef = BE9A63801B5007AA0033E558 /* Images.xcassets */; };
		BE9A63841B5007AA0033E558 /* LaunchScreen.xib in Resources */ = {isa = PBXBuildFile; fileRef = BE9A63821B5007AA0033E558 /* LaunchScreen.xib */; };
/* End PBXBuildFile section */

/* Begin PBXContainerItemProxy section */
		BE3437B11BC5C20700C71330 /* PBXContainerItemProxy */ = {
			isa = PBXContainerItemProxy;
			containerPortal = BE3437A81BC5C20700C71330 /* Mobile Buy SDK.xcodeproj */;
			proxyType = 2;
			remoteGlobalIDString = 90F7BA681B0D1DAF0067864D;
			remoteInfo = Playground;
		};
		BE3437B31BC5C20700C71330 /* PBXContainerItemProxy */ = {
			isa = PBXContainerItemProxy;
			containerPortal = BE3437A81BC5C20700C71330 /* Mobile Buy SDK.xcodeproj */;
			proxyType = 2;
			remoteGlobalIDString = 90F592EC1B0D5EFE0026B382;
			remoteInfo = "Mobile Buy SDK Tests";
		};
		BE3437B51BC5C20700C71330 /* PBXContainerItemProxy */ = {
			isa = PBXContainerItemProxy;
			containerPortal = BE3437A81BC5C20700C71330 /* Mobile Buy SDK.xcodeproj */;
			proxyType = 2;
			remoteGlobalIDString = BE9A64281B503C2F0033E558;
			remoteInfo = Buy;
		};
		BE3437B71BC5C20700C71330 /* PBXContainerItemProxy */ = {
			isa = PBXContainerItemProxy;
			containerPortal = BE3437A81BC5C20700C71330 /* Mobile Buy SDK.xcodeproj */;
			proxyType = 2;
			remoteGlobalIDString = 901931701BC5B9BC00D1134E;
			remoteInfo = "Buy Dynamic";
		};
		BE3437B91BC5C21300C71330 /* PBXContainerItemProxy */ = {
			isa = PBXContainerItemProxy;
			containerPortal = BE3437A81BC5C20700C71330 /* Mobile Buy SDK.xcodeproj */;
			proxyType = 1;
			remoteGlobalIDString = 901930E11BC5B9BC00D1134E;
			remoteInfo = "Buy Dynamic";
		};
		BE3437BD1BC5C22C00C71330 /* PBXContainerItemProxy */ = {
			isa = PBXContainerItemProxy;
			containerPortal = BE3437A81BC5C20700C71330 /* Mobile Buy SDK.xcodeproj */;
			proxyType = 1;
			remoteGlobalIDString = 901930E11BC5B9BC00D1134E;
			remoteInfo = "Buy Dynamic";
		};
/* End PBXContainerItemProxy section */

/* Begin PBXCopyFilesBuildPhase section */
		BE3437BF1BC5C22C00C71330 /* Embed Frameworks */ = {
			isa = PBXCopyFilesBuildPhase;
			buildActionMask = 2147483647;
			dstPath = "";
			dstSubfolderSpec = 10;
			files = (
				BE3437BC1BC5C22C00C71330 /* Buy.framework in Embed Frameworks */,
			);
			name = "Embed Frameworks";
			runOnlyForDeploymentPostprocessing = 0;
		};
/* End PBXCopyFilesBuildPhase section */

/* Begin PBXFileReference section */
		BE3437A81BC5C20700C71330 /* Mobile Buy SDK.xcodeproj */ = {isa = PBXFileReference; lastKnownFileType = "wrapper.pb-project"; name = "Mobile Buy SDK.xcodeproj"; path = "../../Mobile Buy SDK/Mobile Buy SDK.xcodeproj"; sourceTree = "<group>"; };
		BE9A63741B5007AA0033E558 /* Mobile Buy SDK Swift Sample.app */ = {isa = PBXFileReference; explicitFileType = wrapper.application; includeInIndex = 0; path = "Mobile Buy SDK Swift Sample.app"; sourceTree = BUILT_PRODUCTS_DIR; };
		BE9A63781B5007AA0033E558 /* Info.plist */ = {isa = PBXFileReference; lastKnownFileType = text.plist.xml; path = Info.plist; sourceTree = "<group>"; };
		BE9A63791B5007AA0033E558 /* AppDelegate.swift */ = {isa = PBXFileReference; lastKnownFileType = sourcecode.swift; path = AppDelegate.swift; sourceTree = "<group>"; };
		BE9A637B1B5007AA0033E558 /* ViewController.swift */ = {isa = PBXFileReference; lastKnownFileType = sourcecode.swift; path = ViewController.swift; sourceTree = "<group>"; };
		BE9A637E1B5007AA0033E558 /* Base */ = {isa = PBXFileReference; lastKnownFileType = file.storyboard; name = Base; path = Base.lproj/Main.storyboard; sourceTree = "<group>"; };
		BE9A63801B5007AA0033E558 /* Images.xcassets */ = {isa = PBXFileReference; lastKnownFileType = folder.assetcatalog; path = Images.xcassets; sourceTree = "<group>"; };
		BE9A63831B5007AA0033E558 /* Base */ = {isa = PBXFileReference; lastKnownFileType = file.xib; name = Base; path = Base.lproj/LaunchScreen.xib; sourceTree = "<group>"; };
/* End PBXFileReference section */

/* Begin PBXFrameworksBuildPhase section */
		BE9A63711B5007AA0033E558 /* Frameworks */ = {
			isa = PBXFrameworksBuildPhase;
			buildActionMask = 2147483647;
			files = (
				BE3437BB1BC5C22C00C71330 /* Buy.framework in Frameworks */,
			);
			runOnlyForDeploymentPostprocessing = 0;
		};
/* End PBXFrameworksBuildPhase section */

/* Begin PBXGroup section */
		BE3437A91BC5C20700C71330 /* Products */ = {
			isa = PBXGroup;
			children = (
				BE3437B21BC5C20700C71330 /* Playground.app */,
				BE3437B41BC5C20700C71330 /* Mobile Buy SDK Tests.xctest */,
				BE3437B61BC5C20700C71330 /* Buy.framework */,
				BE3437B81BC5C20700C71330 /* Buy.framework */,
			);
			name = Products;
			sourceTree = "<group>";
		};
		BE9A636B1B5007AA0033E558 = {
			isa = PBXGroup;
			children = (
				BE3437A81BC5C20700C71330 /* Mobile Buy SDK.xcodeproj */,
				BE9A63761B5007AA0033E558 /* Mobile Buy SDK Swift Sample */,
				BE9A63751B5007AA0033E558 /* Products */,
			);
			sourceTree = "<group>";
		};
		BE9A63751B5007AA0033E558 /* Products */ = {
			isa = PBXGroup;
			children = (
				BE9A63741B5007AA0033E558 /* Mobile Buy SDK Swift Sample.app */,
			);
			name = Products;
			sourceTree = "<group>";
		};
		BE9A63761B5007AA0033E558 /* Mobile Buy SDK Swift Sample */ = {
			isa = PBXGroup;
			children = (
				BE9A63791B5007AA0033E558 /* AppDelegate.swift */,
				BE9A637B1B5007AA0033E558 /* ViewController.swift */,
				BE9A637D1B5007AA0033E558 /* Main.storyboard */,
				BE9A63801B5007AA0033E558 /* Images.xcassets */,
				BE9A63821B5007AA0033E558 /* LaunchScreen.xib */,
				BE9A63771B5007AA0033E558 /* Supporting Files */,
			);
			path = "Mobile Buy SDK Swift Sample";
			sourceTree = "<group>";
		};
		BE9A63771B5007AA0033E558 /* Supporting Files */ = {
			isa = PBXGroup;
			children = (
				BE9A63781B5007AA0033E558 /* Info.plist */,
			);
			name = "Supporting Files";
			sourceTree = "<group>";
		};
/* End PBXGroup section */

/* Begin PBXNativeTarget section */
		BE9A63731B5007AA0033E558 /* Mobile Buy SDK Swift Sample */ = {
			isa = PBXNativeTarget;
			buildConfigurationList = BE9A63931B5007AA0033E558 /* Build configuration list for PBXNativeTarget "Mobile Buy SDK Swift Sample" */;
			buildPhases = (
				BE9A63701B5007AA0033E558 /* Sources */,
				BE9A63711B5007AA0033E558 /* Frameworks */,
				BE9A63721B5007AA0033E558 /* Resources */,
				BE3437BF1BC5C22C00C71330 /* Embed Frameworks */,
			);
			buildRules = (
			);
			dependencies = (
				BE3437BA1BC5C21300C71330 /* PBXTargetDependency */,
				BE3437BE1BC5C22C00C71330 /* PBXTargetDependency */,
			);
			name = "Mobile Buy SDK Swift Sample";
			productName = "Mobile Buy SDK Swift Sample";
			productReference = BE9A63741B5007AA0033E558 /* Mobile Buy SDK Swift Sample.app */;
			productType = "com.apple.product-type.application";
		};
/* End PBXNativeTarget section */

/* Begin PBXProject section */
		BE9A636C1B5007AA0033E558 /* Project object */ = {
			isa = PBXProject;
			attributes = {
				LastSwiftUpdateCheck = 0700;
				LastUpgradeCheck = 0700;
				ORGANIZATIONNAME = Shopify;
				TargetAttributes = {
					BE9A63731B5007AA0033E558 = {
						CreatedOnToolsVersion = 6.4;
					};
				};
			};
			buildConfigurationList = BE9A636F1B5007AA0033E558 /* Build configuration list for PBXProject "Mobile Buy SDK Swift Sample" */;
			compatibilityVersion = "Xcode 3.2";
			developmentRegion = English;
			hasScannedForEncodings = 0;
			knownRegions = (
				en,
				Base,
			);
			mainGroup = BE9A636B1B5007AA0033E558;
			productRefGroup = BE9A63751B5007AA0033E558 /* Products */;
			projectDirPath = "";
			projectReferences = (
				{
					ProductGroup = BE3437A91BC5C20700C71330 /* Products */;
					ProjectRef = BE3437A81BC5C20700C71330 /* Mobile Buy SDK.xcodeproj */;
				},
			);
			projectRoot = "";
			targets = (
				BE9A63731B5007AA0033E558 /* Mobile Buy SDK Swift Sample */,
			);
		};
/* End PBXProject section */

/* Begin PBXReferenceProxy section */
		BE3437B21BC5C20700C71330 /* Playground.app */ = {
			isa = PBXReferenceProxy;
			fileType = wrapper.application;
			path = Playground.app;
			remoteRef = BE3437B11BC5C20700C71330 /* PBXContainerItemProxy */;
			sourceTree = BUILT_PRODUCTS_DIR;
		};
		BE3437B41BC5C20700C71330 /* Mobile Buy SDK Tests.xctest */ = {
			isa = PBXReferenceProxy;
			fileType = wrapper.cfbundle;
			path = "Mobile Buy SDK Tests.xctest";
			remoteRef = BE3437B31BC5C20700C71330 /* PBXContainerItemProxy */;
			sourceTree = BUILT_PRODUCTS_DIR;
		};
		BE3437B61BC5C20700C71330 /* Buy.framework */ = {
			isa = PBXReferenceProxy;
			fileType = wrapper.framework;
			path = Buy.framework;
			remoteRef = BE3437B51BC5C20700C71330 /* PBXContainerItemProxy */;
			sourceTree = BUILT_PRODUCTS_DIR;
		};
		BE3437B81BC5C20700C71330 /* Buy.framework */ = {
			isa = PBXReferenceProxy;
			fileType = wrapper.framework;
			path = Buy.framework;
			remoteRef = BE3437B71BC5C20700C71330 /* PBXContainerItemProxy */;
			sourceTree = BUILT_PRODUCTS_DIR;
		};
/* End PBXReferenceProxy section */

/* Begin PBXResourcesBuildPhase section */
		BE9A63721B5007AA0033E558 /* Resources */ = {
			isa = PBXResourcesBuildPhase;
			buildActionMask = 2147483647;
			files = (
				BE9A637F1B5007AA0033E558 /* Main.storyboard in Resources */,
				BE9A63841B5007AA0033E558 /* LaunchScreen.xib in Resources */,
				BE9A63811B5007AA0033E558 /* Images.xcassets in Resources */,
			);
			runOnlyForDeploymentPostprocessing = 0;
		};
/* End PBXResourcesBuildPhase section */

/* Begin PBXSourcesBuildPhase section */
		BE9A63701B5007AA0033E558 /* Sources */ = {
			isa = PBXSourcesBuildPhase;
			buildActionMask = 2147483647;
			files = (
				BE9A637C1B5007AA0033E558 /* ViewController.swift in Sources */,
				BE9A637A1B5007AA0033E558 /* AppDelegate.swift in Sources */,
			);
			runOnlyForDeploymentPostprocessing = 0;
		};
/* End PBXSourcesBuildPhase section */

/* Begin PBXTargetDependency section */
		BE3437BA1BC5C21300C71330 /* PBXTargetDependency */ = {
			isa = PBXTargetDependency;
			name = "Buy Dynamic";
			targetProxy = BE3437B91BC5C21300C71330 /* PBXContainerItemProxy */;
		};
		BE3437BE1BC5C22C00C71330 /* PBXTargetDependency */ = {
			isa = PBXTargetDependency;
			name = "Buy Dynamic";
			targetProxy = BE3437BD1BC5C22C00C71330 /* PBXContainerItemProxy */;
		};
/* End PBXTargetDependency section */

/* Begin PBXVariantGroup section */
		BE9A637D1B5007AA0033E558 /* Main.storyboard */ = {
			isa = PBXVariantGroup;
			children = (
				BE9A637E1B5007AA0033E558 /* Base */,
			);
			name = Main.storyboard;
			sourceTree = "<group>";
		};
		BE9A63821B5007AA0033E558 /* LaunchScreen.xib */ = {
			isa = PBXVariantGroup;
			children = (
				BE9A63831B5007AA0033E558 /* Base */,
			);
			name = LaunchScreen.xib;
			sourceTree = "<group>";
		};
/* End PBXVariantGroup section */

/* Begin XCBuildConfiguration section */
		BE9A63911B5007AA0033E558 /* Debug */ = {
			isa = XCBuildConfiguration;
			buildSettings = {
				ALWAYS_SEARCH_USER_PATHS = NO;
				CLANG_CXX_LANGUAGE_STANDARD = "gnu++0x";
				CLANG_CXX_LIBRARY = "libc++";
				CLANG_ENABLE_MODULES = YES;
				CLANG_ENABLE_OBJC_ARC = YES;
				CLANG_WARN_BOOL_CONVERSION = YES;
				CLANG_WARN_CONSTANT_CONVERSION = YES;
				CLANG_WARN_DIRECT_OBJC_ISA_USAGE = YES_ERROR;
				CLANG_WARN_EMPTY_BODY = YES;
				CLANG_WARN_ENUM_CONVERSION = YES;
				CLANG_WARN_INT_CONVERSION = YES;
				CLANG_WARN_OBJC_ROOT_CLASS = YES_ERROR;
				CLANG_WARN_UNREACHABLE_CODE = YES;
				CLANG_WARN__DUPLICATE_METHOD_MATCH = YES;
				"CODE_SIGN_IDENTITY[sdk=iphoneos*]" = "iPhone Developer";
				COPY_PHASE_STRIP = NO;
				DEBUG_INFORMATION_FORMAT = "dwarf-with-dsym";
				ENABLE_STRICT_OBJC_MSGSEND = YES;
				ENABLE_TESTABILITY = YES;
				GCC_C_LANGUAGE_STANDARD = gnu99;
				GCC_DYNAMIC_NO_PIC = NO;
				GCC_NO_COMMON_BLOCKS = YES;
				GCC_OPTIMIZATION_LEVEL = 0;
				GCC_PREPROCESSOR_DEFINITIONS = (
					"DEBUG=1",
					"$(inherited)",
				);
				GCC_SYMBOLS_PRIVATE_EXTERN = NO;
				GCC_WARN_64_TO_32_BIT_CONVERSION = YES;
				GCC_WARN_ABOUT_RETURN_TYPE = YES_ERROR;
				GCC_WARN_UNDECLARED_SELECTOR = YES;
				GCC_WARN_UNINITIALIZED_AUTOS = YES_AGGRESSIVE;
				GCC_WARN_UNUSED_FUNCTION = YES;
				GCC_WARN_UNUSED_VARIABLE = YES;
				IPHONEOS_DEPLOYMENT_TARGET = 8.4;
				MTL_ENABLE_DEBUG_INFO = YES;
				ONLY_ACTIVE_ARCH = YES;
				SDKROOT = iphoneos;
				SWIFT_OPTIMIZATION_LEVEL = "-Onone";
			};
			name = Debug;
		};
		BE9A63921B5007AA0033E558 /* Release */ = {
			isa = XCBuildConfiguration;
			buildSettings = {
				ALWAYS_SEARCH_USER_PATHS = NO;
				CLANG_CXX_LANGUAGE_STANDARD = "gnu++0x";
				CLANG_CXX_LIBRARY = "libc++";
				CLANG_ENABLE_MODULES = YES;
				CLANG_ENABLE_OBJC_ARC = YES;
				CLANG_WARN_BOOL_CONVERSION = YES;
				CLANG_WARN_CONSTANT_CONVERSION = YES;
				CLANG_WARN_DIRECT_OBJC_ISA_USAGE = YES_ERROR;
				CLANG_WARN_EMPTY_BODY = YES;
				CLANG_WARN_ENUM_CONVERSION = YES;
				CLANG_WARN_INT_CONVERSION = YES;
				CLANG_WARN_OBJC_ROOT_CLASS = YES_ERROR;
				CLANG_WARN_UNREACHABLE_CODE = YES;
				CLANG_WARN__DUPLICATE_METHOD_MATCH = YES;
				"CODE_SIGN_IDENTITY[sdk=iphoneos*]" = "iPhone Developer";
				COPY_PHASE_STRIP = NO;
				DEBUG_INFORMATION_FORMAT = "dwarf-with-dsym";
				ENABLE_NS_ASSERTIONS = NO;
				ENABLE_STRICT_OBJC_MSGSEND = YES;
				GCC_C_LANGUAGE_STANDARD = gnu99;
				GCC_NO_COMMON_BLOCKS = YES;
				GCC_WARN_64_TO_32_BIT_CONVERSION = YES;
				GCC_WARN_ABOUT_RETURN_TYPE = YES_ERROR;
				GCC_WARN_UNDECLARED_SELECTOR = YES;
				GCC_WARN_UNINITIALIZED_AUTOS = YES_AGGRESSIVE;
				GCC_WARN_UNUSED_FUNCTION = YES;
				GCC_WARN_UNUSED_VARIABLE = YES;
				IPHONEOS_DEPLOYMENT_TARGET = 8.4;
				MTL_ENABLE_DEBUG_INFO = NO;
				SDKROOT = iphoneos;
				VALIDATE_PRODUCT = YES;
			};
			name = Release;
		};
		BE9A63941B5007AA0033E558 /* Debug */ = {
			isa = XCBuildConfiguration;
			buildSettings = {
				ASSETCATALOG_COMPILER_APPICON_NAME = AppIcon;
				DEBUG_INFORMATION_FORMAT = dwarf;
				FRAMEWORK_SEARCH_PATHS = (
					"$(inherited)",
					"${PROJECT_DIR}/../**",
				);
				INFOPLIST_FILE = "Mobile Buy SDK Swift Sample/Info.plist";
				LD_RUNPATH_SEARCH_PATHS = "$(inherited) @executable_path/Frameworks";
				OTHER_LDFLAGS = "";
				PRODUCT_BUNDLE_IDENTIFIER = "com.shopify.$(PRODUCT_NAME:rfc1034identifier)";
				PRODUCT_NAME = "$(TARGET_NAME)";
				SWIFT_OBJC_BRIDGING_HEADER = "${PROJECT_DIR}/Mobile Buy SDK Swift Sample/Buy-Bridging-Header.h";
			};
			name = Debug;
		};
		BE9A63951B5007AA0033E558 /* Release */ = {
			isa = XCBuildConfiguration;
			buildSettings = {
				ASSETCATALOG_COMPILER_APPICON_NAME = AppIcon;
				DEBUG_INFORMATION_FORMAT = dwarf;
				FRAMEWORK_SEARCH_PATHS = (
					"$(inherited)",
					"${PROJECT_DIR}/../**",
				);
				INFOPLIST_FILE = "Mobile Buy SDK Swift Sample/Info.plist";
				LD_RUNPATH_SEARCH_PATHS = "$(inherited) @executable_path/Frameworks";
				OTHER_LDFLAGS = "";
				PRODUCT_BUNDLE_IDENTIFIER = "com.shopify.$(PRODUCT_NAME:rfc1034identifier)";
				PRODUCT_NAME = "$(TARGET_NAME)";
				SWIFT_OBJC_BRIDGING_HEADER = "${PROJECT_DIR}/Mobile Buy SDK Swift Sample/Buy-Bridging-Header.h";
			};
			name = Release;
		};
/* End XCBuildConfiguration section */

/* Begin XCConfigurationList section */
		BE9A636F1B5007AA0033E558 /* Build configuration list for PBXProject "Mobile Buy SDK Swift Sample" */ = {
			isa = XCConfigurationList;
			buildConfigurations = (
				BE9A63911B5007AA0033E558 /* Debug */,
				BE9A63921B5007AA0033E558 /* Release */,
			);
			defaultConfigurationIsVisible = 0;
			defaultConfigurationName = Release;
		};
		BE9A63931B5007AA0033E558 /* Build configuration list for PBXNativeTarget "Mobile Buy SDK Swift Sample" */ = {
			isa = XCConfigurationList;
			buildConfigurations = (
				BE9A63941B5007AA0033E558 /* Debug */,
				BE9A63951B5007AA0033E558 /* Release */,
			);
			defaultConfigurationIsVisible = 0;
			defaultConfigurationName = Release;
		};
/* End XCConfigurationList section */
	};
	rootObject = BE9A636C1B5007AA0033E558 /* Project object */;
}
